// !$*UTF8*$!
{
	archiveVersion = 1;
	classes = {
	};
	objectVersion = 56;
	objects = {

/* Begin PBXBuildFile section */
		523568352990923F00FF0C78 /* URLSessionHTTPClientTests.swift in Sources */ = {isa = PBXBuildFile; fileRef = 523568342990923F00FF0C78 /* URLSessionHTTPClientTests.swift */; };
		5253E9FF2AA65A6B000DFC39 /* CacheFeedUseCase.swift in Sources */ = {isa = PBXBuildFile; fileRef = 5253E9FE2AA65A6B000DFC39 /* CacheFeedUseCase.swift */; };
		525F5EF229881588007285E4 /* EssentialFeed.docc in Sources */ = {isa = PBXBuildFile; fileRef = 525F5EF129881588007285E4 /* EssentialFeed.docc */; };
		525F5EF829881589007285E4 /* EssentialFeed.framework in Frameworks */ = {isa = PBXBuildFile; fileRef = 525F5EED29881588007285E4 /* EssentialFeed.framework */; };
		525F5EFD29881589007285E4 /* EssentialFeedTests.swift in Sources */ = {isa = PBXBuildFile; fileRef = 525F5EFC29881589007285E4 /* EssentialFeedTests.swift */; };
		525F5EFE29881589007285E4 /* EssentialFeed.h in Headers */ = {isa = PBXBuildFile; fileRef = 525F5EF029881588007285E4 /* EssentialFeed.h */; settings = {ATTRIBUTES = (Public, ); }; };
		525F5F08298816AA007285E4 /* FeedItem.swift in Sources */ = {isa = PBXBuildFile; fileRef = 525F5F07298816AA007285E4 /* FeedItem.swift */; };
		525F5F0A29881753007285E4 /* FeedLoader.swift in Sources */ = {isa = PBXBuildFile; fileRef = 525F5F0929881753007285E4 /* FeedLoader.swift */; };
		5262B7382AA7AA8C009BE896 /* LocalFeedLoader.swift in Sources */ = {isa = PBXBuildFile; fileRef = 5262B7372AA7AA8C009BE896 /* LocalFeedLoader.swift */; };
		5262B73A2AA7AAFA009BE896 /* FeedStore.swift in Sources */ = {isa = PBXBuildFile; fileRef = 5262B7392AA7AAFA009BE896 /* FeedStore.swift */; };
		5262B73C2AA7CAB9009BE896 /* RemoteFeedItem.swift in Sources */ = {isa = PBXBuildFile; fileRef = 5262B73B2AA7CAB9009BE896 /* RemoteFeedItem.swift */; };
		5262B73E2AA7CB0F009BE896 /* LocalFeedImage.swift in Sources */ = {isa = PBXBuildFile; fileRef = 5262B73D2AA7CB0F009BE896 /* LocalFeedImage.swift */; };
		5262B7402AA7D4B8009BE896 /* LoadFeedFromCacheUseCaseTests.swift in Sources */ = {isa = PBXBuildFile; fileRef = 5262B73F2AA7D4B8009BE896 /* LoadFeedFromCacheUseCaseTests.swift */; };
		52724CC52AA27285008C98A9 /* EssentialFeedAPIEndToEndTests.swift in Sources */ = {isa = PBXBuildFile; fileRef = 52724CC42AA27285008C98A9 /* EssentialFeedAPIEndToEndTests.swift */; };
		52724CC62AA27285008C98A9 /* EssentialFeed.framework in Frameworks */ = {isa = PBXBuildFile; fileRef = 525F5EED29881588007285E4 /* EssentialFeed.framework */; };
		52724CCC2AA279DC008C98A9 /* XCTestCase+MemoryLeakTrackingHelper.swift in Sources */ = {isa = PBXBuildFile; fileRef = 52FED1AA2AA0EF470085101C /* XCTestCase+MemoryLeakTrackingHelper.swift */; };
		52B801C1298F20BF001B5C28 /* HTTPClient.swift in Sources */ = {isa = PBXBuildFile; fileRef = 52B801C0298F20BF001B5C28 /* HTTPClient.swift */; };
		52B801C3298F2126001B5C28 /* FeedItemsMapper.swift in Sources */ = {isa = PBXBuildFile; fileRef = 52B801C2298F2126001B5C28 /* FeedItemsMapper.swift */; };
		52FA509029895931007F8AB5 /* RemoteFeedLoaderTests.swift in Sources */ = {isa = PBXBuildFile; fileRef = 52FA508F29895931007F8AB5 /* RemoteFeedLoaderTests.swift */; };
		52FA50932989650B007F8AB5 /* RemoteFeedLoader.swift in Sources */ = {isa = PBXBuildFile; fileRef = 52FA50922989650B007F8AB5 /* RemoteFeedLoader.swift */; };
		52FED1AB2AA0EF470085101C /* XCTestCase+MemoryLeakTrackingHelper.swift in Sources */ = {isa = PBXBuildFile; fileRef = 52FED1AA2AA0EF470085101C /* XCTestCase+MemoryLeakTrackingHelper.swift */; };
		52FED1AD2AA11D9A0085101C /* URLSessionHTTPClient.swift in Sources */ = {isa = PBXBuildFile; fileRef = 52FED1AC2AA11D9A0085101C /* URLSessionHTTPClient.swift */; };
/* End PBXBuildFile section */

/* Begin PBXContainerItemProxy section */
		525F5EF929881589007285E4 /* PBXContainerItemProxy */ = {
			isa = PBXContainerItemProxy;
			containerPortal = 525F5EE429881588007285E4 /* Project object */;
			proxyType = 1;
			remoteGlobalIDString = 525F5EEC29881588007285E4;
			remoteInfo = EssentialFeed;
		};
		52724CC72AA27285008C98A9 /* PBXContainerItemProxy */ = {
			isa = PBXContainerItemProxy;
			containerPortal = 525F5EE429881588007285E4 /* Project object */;
			proxyType = 1;
			remoteGlobalIDString = 525F5EEC29881588007285E4;
			remoteInfo = EssentialFeed;
		};
/* End PBXContainerItemProxy section */

/* Begin PBXFileReference section */
		523568342990923F00FF0C78 /* URLSessionHTTPClientTests.swift */ = {isa = PBXFileReference; lastKnownFileType = sourcecode.swift; path = URLSessionHTTPClientTests.swift; sourceTree = "<group>"; };
		5253E9FE2AA65A6B000DFC39 /* CacheFeedUseCase.swift */ = {isa = PBXFileReference; lastKnownFileType = sourcecode.swift; path = CacheFeedUseCase.swift; sourceTree = "<group>"; };
		525F5EED29881588007285E4 /* EssentialFeed.framework */ = {isa = PBXFileReference; explicitFileType = wrapper.framework; includeInIndex = 0; path = EssentialFeed.framework; sourceTree = BUILT_PRODUCTS_DIR; };
		525F5EF029881588007285E4 /* EssentialFeed.h */ = {isa = PBXFileReference; lastKnownFileType = sourcecode.c.h; path = EssentialFeed.h; sourceTree = "<group>"; };
		525F5EF129881588007285E4 /* EssentialFeed.docc */ = {isa = PBXFileReference; lastKnownFileType = folder.documentationcatalog; path = EssentialFeed.docc; sourceTree = "<group>"; };
		525F5EF729881589007285E4 /* EssentialFeedTests.xctest */ = {isa = PBXFileReference; explicitFileType = wrapper.cfbundle; includeInIndex = 0; path = EssentialFeedTests.xctest; sourceTree = BUILT_PRODUCTS_DIR; };
		525F5EFC29881589007285E4 /* EssentialFeedTests.swift */ = {isa = PBXFileReference; lastKnownFileType = sourcecode.swift; path = EssentialFeedTests.swift; sourceTree = "<group>"; };
		525F5F07298816AA007285E4 /* FeedItem.swift */ = {isa = PBXFileReference; lastKnownFileType = sourcecode.swift; path = FeedItem.swift; sourceTree = "<group>"; };
		525F5F0929881753007285E4 /* FeedLoader.swift */ = {isa = PBXFileReference; lastKnownFileType = sourcecode.swift; path = FeedLoader.swift; sourceTree = "<group>"; };
		5262B7372AA7AA8C009BE896 /* LocalFeedLoader.swift */ = {isa = PBXFileReference; lastKnownFileType = sourcecode.swift; path = LocalFeedLoader.swift; sourceTree = "<group>"; };
		5262B7392AA7AAFA009BE896 /* FeedStore.swift */ = {isa = PBXFileReference; lastKnownFileType = sourcecode.swift; path = FeedStore.swift; sourceTree = "<group>"; };
		5262B73B2AA7CAB9009BE896 /* RemoteFeedItem.swift */ = {isa = PBXFileReference; lastKnownFileType = sourcecode.swift; path = RemoteFeedItem.swift; sourceTree = "<group>"; };
		5262B73D2AA7CB0F009BE896 /* LocalFeedImage.swift */ = {isa = PBXFileReference; lastKnownFileType = sourcecode.swift; path = LocalFeedImage.swift; sourceTree = "<group>"; };
		5262B73F2AA7D4B8009BE896 /* LoadFeedFromCacheUseCaseTests.swift */ = {isa = PBXFileReference; lastKnownFileType = sourcecode.swift; path = LoadFeedFromCacheUseCaseTests.swift; sourceTree = "<group>"; };
		52724CBD2AA26F8F008C98A9 /* EssentialFeed.xctestplan */ = {isa = PBXFileReference; lastKnownFileType = text; path = EssentialFeed.xctestplan; sourceTree = "<group>"; };
		52724CC22AA27285008C98A9 /* EssentialFeedAPIEndToEndTests.xctest */ = {isa = PBXFileReference; explicitFileType = wrapper.cfbundle; includeInIndex = 0; path = EssentialFeedAPIEndToEndTests.xctest; sourceTree = BUILT_PRODUCTS_DIR; };
		52724CC42AA27285008C98A9 /* EssentialFeedAPIEndToEndTests.swift */ = {isa = PBXFileReference; lastKnownFileType = sourcecode.swift; path = EssentialFeedAPIEndToEndTests.swift; sourceTree = "<group>"; };
		52724CCD2AA27B18008C98A9 /* CI.xctestplan */ = {isa = PBXFileReference; lastKnownFileType = text; path = CI.xctestplan; sourceTree = "<group>"; };
		52B801C0298F20BF001B5C28 /* HTTPClient.swift */ = {isa = PBXFileReference; lastKnownFileType = sourcecode.swift; path = HTTPClient.swift; sourceTree = "<group>"; };
		52B801C2298F2126001B5C28 /* FeedItemsMapper.swift */ = {isa = PBXFileReference; lastKnownFileType = sourcecode.swift; path = FeedItemsMapper.swift; sourceTree = "<group>"; };
		52FA508F29895931007F8AB5 /* RemoteFeedLoaderTests.swift */ = {isa = PBXFileReference; lastKnownFileType = sourcecode.swift; path = RemoteFeedLoaderTests.swift; sourceTree = "<group>"; };
		52FA50922989650B007F8AB5 /* RemoteFeedLoader.swift */ = {isa = PBXFileReference; lastKnownFileType = sourcecode.swift; path = RemoteFeedLoader.swift; sourceTree = "<group>"; };
		52FED1AA2AA0EF470085101C /* XCTestCase+MemoryLeakTrackingHelper.swift */ = {isa = PBXFileReference; lastKnownFileType = sourcecode.swift; path = "XCTestCase+MemoryLeakTrackingHelper.swift"; sourceTree = "<group>"; };
		52FED1AC2AA11D9A0085101C /* URLSessionHTTPClient.swift */ = {isa = PBXFileReference; lastKnownFileType = sourcecode.swift; path = URLSessionHTTPClient.swift; sourceTree = "<group>"; };
/* End PBXFileReference section */

/* Begin PBXFrameworksBuildPhase section */
		525F5EEA29881588007285E4 /* Frameworks */ = {
			isa = PBXFrameworksBuildPhase;
			buildActionMask = 2147483647;
			files = (
			);
			runOnlyForDeploymentPostprocessing = 0;
		};
		525F5EF429881589007285E4 /* Frameworks */ = {
			isa = PBXFrameworksBuildPhase;
			buildActionMask = 2147483647;
			files = (
				525F5EF829881589007285E4 /* EssentialFeed.framework in Frameworks */,
			);
			runOnlyForDeploymentPostprocessing = 0;
		};
		52724CBF2AA27285008C98A9 /* Frameworks */ = {
			isa = PBXFrameworksBuildPhase;
			buildActionMask = 2147483647;
			files = (
				52724CC62AA27285008C98A9 /* EssentialFeed.framework in Frameworks */,
			);
			runOnlyForDeploymentPostprocessing = 0;
		};
/* End PBXFrameworksBuildPhase section */

/* Begin PBXGroup section */
		5253E9FD2AA65A40000DFC39 /* Feed Cache */ = {
			isa = PBXGroup;
			children = (
				5253E9FE2AA65A6B000DFC39 /* CacheFeedUseCase.swift */,
				5262B73F2AA7D4B8009BE896 /* LoadFeedFromCacheUseCaseTests.swift */,
			);
			path = "Feed Cache";
			sourceTree = "<group>";
		};
		525F5EE329881588007285E4 = {
			isa = PBXGroup;
			children = (
				52724CCD2AA27B18008C98A9 /* CI.xctestplan */,
				52724CBD2AA26F8F008C98A9 /* EssentialFeed.xctestplan */,
				525F5EEF29881588007285E4 /* EssentialFeed */,
				525F5EFB29881589007285E4 /* EssentialFeedTests */,
				52724CC32AA27285008C98A9 /* EssentialFeedAPIEndToEndTests */,
				525F5EEE29881588007285E4 /* Products */,
			);
			sourceTree = "<group>";
		};
		525F5EEE29881588007285E4 /* Products */ = {
			isa = PBXGroup;
			children = (
				525F5EED29881588007285E4 /* EssentialFeed.framework */,
				525F5EF729881589007285E4 /* EssentialFeedTests.xctest */,
				52724CC22AA27285008C98A9 /* EssentialFeedAPIEndToEndTests.xctest */,
			);
			name = Products;
			sourceTree = "<group>";
		};
		525F5EEF29881588007285E4 /* EssentialFeed */ = {
			isa = PBXGroup;
			children = (
				5262B7362AA7AA78009BE896 /* Feed Cache */,
				52FA5091298964F4007F8AB5 /* Feed API */,
				525F5F0B298818A4007285E4 /* Feed Feature */,
				525F5EF029881588007285E4 /* EssentialFeed.h */,
				525F5EF129881588007285E4 /* EssentialFeed.docc */,
			);
			path = EssentialFeed;
			sourceTree = "<group>";
		};
		525F5EFB29881589007285E4 /* EssentialFeedTests */ = {
			isa = PBXGroup;
			children = (
				52FED1A92AA0EF210085101C /* Helpers */,
				5253E9FD2AA65A40000DFC39 /* Feed Cache */,
				52B801C4298F3442001B5C28 /* Feed API */,
				525F5EFC29881589007285E4 /* EssentialFeedTests.swift */,
			);
			path = EssentialFeedTests;
			sourceTree = "<group>";
		};
		525F5F0B298818A4007285E4 /* Feed Feature */ = {
			isa = PBXGroup;
			children = (
				525F5F07298816AA007285E4 /* FeedItem.swift */,
				525F5F0929881753007285E4 /* FeedLoader.swift */,
			);
			path = "Feed Feature";
			sourceTree = "<group>";
		};
		5262B7362AA7AA78009BE896 /* Feed Cache */ = {
			isa = PBXGroup;
			children = (
				5262B7372AA7AA8C009BE896 /* LocalFeedLoader.swift */,
				5262B7392AA7AAFA009BE896 /* FeedStore.swift */,
				5262B73D2AA7CB0F009BE896 /* LocalFeedImage.swift */,
			);
			path = "Feed Cache";
			sourceTree = "<group>";
		};
		52724CC32AA27285008C98A9 /* EssentialFeedAPIEndToEndTests */ = {
			isa = PBXGroup;
			children = (
				52724CC42AA27285008C98A9 /* EssentialFeedAPIEndToEndTests.swift */,
			);
			path = EssentialFeedAPIEndToEndTests;
			sourceTree = "<group>";
		};
		52B801C4298F3442001B5C28 /* Feed API */ = {
			isa = PBXGroup;
			children = (
				52FA508F29895931007F8AB5 /* RemoteFeedLoaderTests.swift */,
				523568342990923F00FF0C78 /* URLSessionHTTPClientTests.swift */,
			);
			path = "Feed API";
			sourceTree = "<group>";
		};
		52FA5091298964F4007F8AB5 /* Feed API */ = {
			isa = PBXGroup;
			children = (
				52FA50922989650B007F8AB5 /* RemoteFeedLoader.swift */,
				52B801C0298F20BF001B5C28 /* HTTPClient.swift */,
				52B801C2298F2126001B5C28 /* FeedItemsMapper.swift */,
				52FED1AC2AA11D9A0085101C /* URLSessionHTTPClient.swift */,
				5262B73B2AA7CAB9009BE896 /* RemoteFeedItem.swift */,
			);
			path = "Feed API";
			sourceTree = "<group>";
		};
		52FED1A92AA0EF210085101C /* Helpers */ = {
			isa = PBXGroup;
			children = (
				52FED1AA2AA0EF470085101C /* XCTestCase+MemoryLeakTrackingHelper.swift */,
			);
			path = Helpers;
			sourceTree = "<group>";
		};
/* End PBXGroup section */

/* Begin PBXHeadersBuildPhase section */
		525F5EE829881588007285E4 /* Headers */ = {
			isa = PBXHeadersBuildPhase;
			buildActionMask = 2147483647;
			files = (
				525F5EFE29881589007285E4 /* EssentialFeed.h in Headers */,
			);
			runOnlyForDeploymentPostprocessing = 0;
		};
/* End PBXHeadersBuildPhase section */

/* Begin PBXNativeTarget section */
		525F5EEC29881588007285E4 /* EssentialFeed */ = {
			isa = PBXNativeTarget;
			buildConfigurationList = 525F5F0129881589007285E4 /* Build configuration list for PBXNativeTarget "EssentialFeed" */;
			buildPhases = (
				525F5EE829881588007285E4 /* Headers */,
				525F5EE929881588007285E4 /* Sources */,
				525F5EEA29881588007285E4 /* Frameworks */,
				525F5EEB29881588007285E4 /* Resources */,
			);
			buildRules = (
			);
			dependencies = (
			);
			name = EssentialFeed;
			productName = EssentialFeed;
			productReference = 525F5EED29881588007285E4 /* EssentialFeed.framework */;
			productType = "com.apple.product-type.framework";
		};
		525F5EF629881589007285E4 /* EssentialFeedTests */ = {
			isa = PBXNativeTarget;
			buildConfigurationList = 525F5F0429881589007285E4 /* Build configuration list for PBXNativeTarget "EssentialFeedTests" */;
			buildPhases = (
				525F5EF329881589007285E4 /* Sources */,
				525F5EF429881589007285E4 /* Frameworks */,
				525F5EF529881589007285E4 /* Resources */,
			);
			buildRules = (
			);
			dependencies = (
				525F5EFA29881589007285E4 /* PBXTargetDependency */,
			);
			name = EssentialFeedTests;
			productName = EssentialFeedTests;
			productReference = 525F5EF729881589007285E4 /* EssentialFeedTests.xctest */;
			productType = "com.apple.product-type.bundle.unit-test";
		};
		52724CC12AA27285008C98A9 /* EssentialFeedAPIEndToEndTests */ = {
			isa = PBXNativeTarget;
			buildConfigurationList = 52724CC92AA27285008C98A9 /* Build configuration list for PBXNativeTarget "EssentialFeedAPIEndToEndTests" */;
			buildPhases = (
				52724CBE2AA27285008C98A9 /* Sources */,
				52724CBF2AA27285008C98A9 /* Frameworks */,
				52724CC02AA27285008C98A9 /* Resources */,
			);
			buildRules = (
			);
			dependencies = (
				52724CC82AA27285008C98A9 /* PBXTargetDependency */,
			);
			name = EssentialFeedAPIEndToEndTests;
			productName = EssentialFeedAPIEndToEndTests;
			productReference = 52724CC22AA27285008C98A9 /* EssentialFeedAPIEndToEndTests.xctest */;
			productType = "com.apple.product-type.bundle.unit-test";
		};
/* End PBXNativeTarget section */

/* Begin PBXProject section */
		525F5EE429881588007285E4 /* Project object */ = {
			isa = PBXProject;
			attributes = {
				BuildIndependentTargetsInParallel = 1;
				LastSwiftUpdateCheck = 1430;
				LastUpgradeCheck = 1410;
				TargetAttributes = {
					525F5EEC29881588007285E4 = {
						CreatedOnToolsVersion = 14.1;
					};
					525F5EF629881589007285E4 = {
						CreatedOnToolsVersion = 14.1;
					};
					52724CC12AA27285008C98A9 = {
						CreatedOnToolsVersion = 14.3.1;
					};
				};
			};
			buildConfigurationList = 525F5EE729881588007285E4 /* Build configuration list for PBXProject "EssentialFeed" */;
			compatibilityVersion = "Xcode 14.0";
			developmentRegion = en;
			hasScannedForEncodings = 0;
			knownRegions = (
				en,
				Base,
			);
			mainGroup = 525F5EE329881588007285E4;
			productRefGroup = 525F5EEE29881588007285E4 /* Products */;
			projectDirPath = "";
			projectRoot = "";
			targets = (
				525F5EEC29881588007285E4 /* EssentialFeed */,
				525F5EF629881589007285E4 /* EssentialFeedTests */,
				52724CC12AA27285008C98A9 /* EssentialFeedAPIEndToEndTests */,
			);
		};
/* End PBXProject section */

/* Begin PBXResourcesBuildPhase section */
		525F5EEB29881588007285E4 /* Resources */ = {
			isa = PBXResourcesBuildPhase;
			buildActionMask = 2147483647;
			files = (
			);
			runOnlyForDeploymentPostprocessing = 0;
		};
		525F5EF529881589007285E4 /* Resources */ = {
			isa = PBXResourcesBuildPhase;
			buildActionMask = 2147483647;
			files = (
			);
			runOnlyForDeploymentPostprocessing = 0;
		};
		52724CC02AA27285008C98A9 /* Resources */ = {
			isa = PBXResourcesBuildPhase;
			buildActionMask = 2147483647;
			files = (
			);
			runOnlyForDeploymentPostprocessing = 0;
		};
/* End PBXResourcesBuildPhase section */

/* Begin PBXSourcesBuildPhase section */
		525F5EE929881588007285E4 /* Sources */ = {
			isa = PBXSourcesBuildPhase;
			buildActionMask = 2147483647;
			files = (
				5262B73E2AA7CB0F009BE896 /* LocalFeedImage.swift in Sources */,
				5262B73A2AA7AAFA009BE896 /* FeedStore.swift in Sources */,
				52FED1AD2AA11D9A0085101C /* URLSessionHTTPClient.swift in Sources */,
				52FA50932989650B007F8AB5 /* RemoteFeedLoader.swift in Sources */,
				52B801C1298F20BF001B5C28 /* HTTPClient.swift in Sources */,
				525F5F0A29881753007285E4 /* FeedLoader.swift in Sources */,
				52B801C3298F2126001B5C28 /* FeedItemsMapper.swift in Sources */,
				5262B73C2AA7CAB9009BE896 /* RemoteFeedItem.swift in Sources */,
				525F5F08298816AA007285E4 /* FeedItem.swift in Sources */,
				5262B7382AA7AA8C009BE896 /* LocalFeedLoader.swift in Sources */,
				525F5EF229881588007285E4 /* EssentialFeed.docc in Sources */,
			);
			runOnlyForDeploymentPostprocessing = 0;
		};
		525F5EF329881589007285E4 /* Sources */ = {
			isa = PBXSourcesBuildPhase;
			buildActionMask = 2147483647;
			files = (
				52FA509029895931007F8AB5 /* RemoteFeedLoaderTests.swift in Sources */,
				523568352990923F00FF0C78 /* URLSessionHTTPClientTests.swift in Sources */,
				525F5EFD29881589007285E4 /* EssentialFeedTests.swift in Sources */,
				5253E9FF2AA65A6B000DFC39 /* CacheFeedUseCase.swift in Sources */,
				5262B7402AA7D4B8009BE896 /* LoadFeedFromCacheUseCaseTests.swift in Sources */,
				52FED1AB2AA0EF470085101C /* XCTestCase+MemoryLeakTrackingHelper.swift in Sources */,
			);
			runOnlyForDeploymentPostprocessing = 0;
		};
		52724CBE2AA27285008C98A9 /* Sources */ = {
			isa = PBXSourcesBuildPhase;
			buildActionMask = 2147483647;
			files = (
				52724CC52AA27285008C98A9 /* EssentialFeedAPIEndToEndTests.swift in Sources */,
				52724CCC2AA279DC008C98A9 /* XCTestCase+MemoryLeakTrackingHelper.swift in Sources */,
			);
			runOnlyForDeploymentPostprocessing = 0;
		};
/* End PBXSourcesBuildPhase section */

/* Begin PBXTargetDependency section */
		525F5EFA29881589007285E4 /* PBXTargetDependency */ = {
			isa = PBXTargetDependency;
			target = 525F5EEC29881588007285E4 /* EssentialFeed */;
			targetProxy = 525F5EF929881589007285E4 /* PBXContainerItemProxy */;
		};
		52724CC82AA27285008C98A9 /* PBXTargetDependency */ = {
			isa = PBXTargetDependency;
			target = 525F5EEC29881588007285E4 /* EssentialFeed */;
			targetProxy = 52724CC72AA27285008C98A9 /* PBXContainerItemProxy */;
		};
/* End PBXTargetDependency section */

/* Begin XCBuildConfiguration section */
		525F5EFF29881589007285E4 /* Debug */ = {
			isa = XCBuildConfiguration;
			buildSettings = {
				ALWAYS_SEARCH_USER_PATHS = NO;
				CLANG_ANALYZER_NONNULL = YES;
				CLANG_ANALYZER_NUMBER_OBJECT_CONVERSION = YES_AGGRESSIVE;
				CLANG_CXX_LANGUAGE_STANDARD = "gnu++20";
				CLANG_ENABLE_MODULES = YES;
				CLANG_ENABLE_OBJC_ARC = YES;
				CLANG_ENABLE_OBJC_WEAK = YES;
				CLANG_WARN_BLOCK_CAPTURE_AUTORELEASING = YES;
				CLANG_WARN_BOOL_CONVERSION = YES;
				CLANG_WARN_COMMA = YES;
				CLANG_WARN_CONSTANT_CONVERSION = YES;
				CLANG_WARN_DEPRECATED_OBJC_IMPLEMENTATIONS = YES;
				CLANG_WARN_DIRECT_OBJC_ISA_USAGE = YES_ERROR;
				CLANG_WARN_DOCUMENTATION_COMMENTS = YES;
				CLANG_WARN_EMPTY_BODY = YES;
				CLANG_WARN_ENUM_CONVERSION = YES;
				CLANG_WARN_INFINITE_RECURSION = YES;
				CLANG_WARN_INT_CONVERSION = YES;
				CLANG_WARN_NON_LITERAL_NULL_CONVERSION = YES;
				CLANG_WARN_OBJC_IMPLICIT_RETAIN_SELF = YES;
				CLANG_WARN_OBJC_LITERAL_CONVERSION = YES;
				CLANG_WARN_OBJC_ROOT_CLASS = YES_ERROR;
				CLANG_WARN_QUOTED_INCLUDE_IN_FRAMEWORK_HEADER = YES;
				CLANG_WARN_RANGE_LOOP_ANALYSIS = YES;
				CLANG_WARN_STRICT_PROTOTYPES = YES;
				CLANG_WARN_SUSPICIOUS_MOVE = YES;
				CLANG_WARN_UNGUARDED_AVAILABILITY = YES_AGGRESSIVE;
				CLANG_WARN_UNREACHABLE_CODE = YES;
				CLANG_WARN__DUPLICATE_METHOD_MATCH = YES;
				COPY_PHASE_STRIP = NO;
				CURRENT_PROJECT_VERSION = 1;
				DEBUG_INFORMATION_FORMAT = dwarf;
				ENABLE_STRICT_OBJC_MSGSEND = YES;
				ENABLE_TESTABILITY = YES;
				GCC_C_LANGUAGE_STANDARD = gnu11;
				GCC_DYNAMIC_NO_PIC = NO;
				GCC_NO_COMMON_BLOCKS = YES;
				GCC_OPTIMIZATION_LEVEL = 0;
				GCC_PREPROCESSOR_DEFINITIONS = (
					"DEBUG=1",
					"$(inherited)",
				);
				GCC_WARN_64_TO_32_BIT_CONVERSION = YES;
				GCC_WARN_ABOUT_RETURN_TYPE = YES_ERROR;
				GCC_WARN_UNDECLARED_SELECTOR = YES;
				GCC_WARN_UNINITIALIZED_AUTOS = YES_AGGRESSIVE;
				GCC_WARN_UNUSED_FUNCTION = YES;
				GCC_WARN_UNUSED_VARIABLE = YES;
				MTL_ENABLE_DEBUG_INFO = INCLUDE_SOURCE;
				MTL_FAST_MATH = YES;
				ONLY_ACTIVE_ARCH = YES;
				SWIFT_ACTIVE_COMPILATION_CONDITIONS = DEBUG;
				SWIFT_OPTIMIZATION_LEVEL = "-Onone";
				VERSIONING_SYSTEM = "apple-generic";
				VERSION_INFO_PREFIX = "";
			};
			name = Debug;
		};
		525F5F0029881589007285E4 /* Release */ = {
			isa = XCBuildConfiguration;
			buildSettings = {
				ALWAYS_SEARCH_USER_PATHS = NO;
				CLANG_ANALYZER_NONNULL = YES;
				CLANG_ANALYZER_NUMBER_OBJECT_CONVERSION = YES_AGGRESSIVE;
				CLANG_CXX_LANGUAGE_STANDARD = "gnu++20";
				CLANG_ENABLE_MODULES = YES;
				CLANG_ENABLE_OBJC_ARC = YES;
				CLANG_ENABLE_OBJC_WEAK = YES;
				CLANG_WARN_BLOCK_CAPTURE_AUTORELEASING = YES;
				CLANG_WARN_BOOL_CONVERSION = YES;
				CLANG_WARN_COMMA = YES;
				CLANG_WARN_CONSTANT_CONVERSION = YES;
				CLANG_WARN_DEPRECATED_OBJC_IMPLEMENTATIONS = YES;
				CLANG_WARN_DIRECT_OBJC_ISA_USAGE = YES_ERROR;
				CLANG_WARN_DOCUMENTATION_COMMENTS = YES;
				CLANG_WARN_EMPTY_BODY = YES;
				CLANG_WARN_ENUM_CONVERSION = YES;
				CLANG_WARN_INFINITE_RECURSION = YES;
				CLANG_WARN_INT_CONVERSION = YES;
				CLANG_WARN_NON_LITERAL_NULL_CONVERSION = YES;
				CLANG_WARN_OBJC_IMPLICIT_RETAIN_SELF = YES;
				CLANG_WARN_OBJC_LITERAL_CONVERSION = YES;
				CLANG_WARN_OBJC_ROOT_CLASS = YES_ERROR;
				CLANG_WARN_QUOTED_INCLUDE_IN_FRAMEWORK_HEADER = YES;
				CLANG_WARN_RANGE_LOOP_ANALYSIS = YES;
				CLANG_WARN_STRICT_PROTOTYPES = YES;
				CLANG_WARN_SUSPICIOUS_MOVE = YES;
				CLANG_WARN_UNGUARDED_AVAILABILITY = YES_AGGRESSIVE;
				CLANG_WARN_UNREACHABLE_CODE = YES;
				CLANG_WARN__DUPLICATE_METHOD_MATCH = YES;
				COPY_PHASE_STRIP = NO;
				CURRENT_PROJECT_VERSION = 1;
				DEBUG_INFORMATION_FORMAT = "dwarf-with-dsym";
				ENABLE_NS_ASSERTIONS = NO;
				ENABLE_STRICT_OBJC_MSGSEND = YES;
				GCC_C_LANGUAGE_STANDARD = gnu11;
				GCC_NO_COMMON_BLOCKS = YES;
				GCC_WARN_64_TO_32_BIT_CONVERSION = YES;
				GCC_WARN_ABOUT_RETURN_TYPE = YES_ERROR;
				GCC_WARN_UNDECLARED_SELECTOR = YES;
				GCC_WARN_UNINITIALIZED_AUTOS = YES_AGGRESSIVE;
				GCC_WARN_UNUSED_FUNCTION = YES;
				GCC_WARN_UNUSED_VARIABLE = YES;
				MTL_ENABLE_DEBUG_INFO = NO;
				MTL_FAST_MATH = YES;
				SWIFT_COMPILATION_MODE = wholemodule;
				SWIFT_OPTIMIZATION_LEVEL = "-O";
				VERSIONING_SYSTEM = "apple-generic";
				VERSION_INFO_PREFIX = "";
			};
			name = Release;
		};
		525F5F0229881589007285E4 /* Debug */ = {
			isa = XCBuildConfiguration;
			buildSettings = {
				CODE_SIGN_STYLE = Automatic;
				CURRENT_PROJECT_VERSION = 1;
				DEFINES_MODULE = YES;
				DEVELOPMENT_TEAM = SZMX86729P;
				DYLIB_COMPATIBILITY_VERSION = 1;
				DYLIB_CURRENT_VERSION = 1;
				DYLIB_INSTALL_NAME_BASE = "@rpath";
				GENERATE_INFOPLIST_FILE = YES;
				INFOPLIST_KEY_NSHumanReadableCopyright = "";
				INSTALL_PATH = "$(LOCAL_LIBRARY_DIR)/Frameworks";
				IPHONEOS_DEPLOYMENT_TARGET = 14.0;
				LD_RUNPATH_SEARCH_PATHS = (
					"@executable_path/Frameworks",
					"@loader_path/Frameworks",
				);
				"LD_RUNPATH_SEARCH_PATHS[sdk=macosx*]" = (
					"@executable_path/../Frameworks",
					"@loader_path/Frameworks",
				);
				MACOSX_DEPLOYMENT_TARGET = 12.0;
				MARKETING_VERSION = 1.0;
				PRODUCT_BUNDLE_IDENTIFIER = com.crow.EssentialFeed;
				PRODUCT_NAME = "$(TARGET_NAME:c99extidentifier)";
				SDKROOT = auto;
				SKIP_INSTALL = YES;
				SUPPORTED_PLATFORMS = "iphoneos iphonesimulator macosx";
				SWIFT_EMIT_LOC_STRINGS = YES;
				SWIFT_VERSION = 5.0;
				TARGETED_DEVICE_FAMILY = "1,2";
			};
			name = Debug;
		};
		525F5F0329881589007285E4 /* Release */ = {
			isa = XCBuildConfiguration;
			buildSettings = {
				CODE_SIGN_STYLE = Automatic;
				CURRENT_PROJECT_VERSION = 1;
				DEFINES_MODULE = YES;
				DEVELOPMENT_TEAM = SZMX86729P;
				DYLIB_COMPATIBILITY_VERSION = 1;
				DYLIB_CURRENT_VERSION = 1;
				DYLIB_INSTALL_NAME_BASE = "@rpath";
				GENERATE_INFOPLIST_FILE = YES;
				INFOPLIST_KEY_NSHumanReadableCopyright = "";
				INSTALL_PATH = "$(LOCAL_LIBRARY_DIR)/Frameworks";
				IPHONEOS_DEPLOYMENT_TARGET = 14.0;
				LD_RUNPATH_SEARCH_PATHS = (
					"@executable_path/Frameworks",
					"@loader_path/Frameworks",
				);
				"LD_RUNPATH_SEARCH_PATHS[sdk=macosx*]" = (
					"@executable_path/../Frameworks",
					"@loader_path/Frameworks",
				);
				MACOSX_DEPLOYMENT_TARGET = 12.0;
				MARKETING_VERSION = 1.0;
				PRODUCT_BUNDLE_IDENTIFIER = com.crow.EssentialFeed;
				PRODUCT_NAME = "$(TARGET_NAME:c99extidentifier)";
				SDKROOT = auto;
				SKIP_INSTALL = YES;
				SUPPORTED_PLATFORMS = "iphoneos iphonesimulator macosx";
				SWIFT_EMIT_LOC_STRINGS = YES;
				SWIFT_VERSION = 5.0;
				TARGETED_DEVICE_FAMILY = "1,2";
			};
			name = Release;
		};
		525F5F0529881589007285E4 /* Debug */ = {
			isa = XCBuildConfiguration;
			buildSettings = {
				ALWAYS_EMBED_SWIFT_STANDARD_LIBRARIES = YES;
				CODE_SIGN_STYLE = Automatic;
				CURRENT_PROJECT_VERSION = 1;
				DEVELOPMENT_TEAM = SZMX86729P;
				GENERATE_INFOPLIST_FILE = YES;
				IPHONEOS_DEPLOYMENT_TARGET = 14.0;
				MACOSX_DEPLOYMENT_TARGET = 12.0;
				MARKETING_VERSION = 1.0;
				PRODUCT_BUNDLE_IDENTIFIER = com.crow.EssentialFeedTests;
				PRODUCT_NAME = "$(TARGET_NAME)";
				SDKROOT = auto;
				SUPPORTED_PLATFORMS = "iphoneos iphonesimulator macosx";
				SWIFT_EMIT_LOC_STRINGS = NO;
				SWIFT_VERSION = 5.0;
				TARGETED_DEVICE_FAMILY = "1,2";
			};
			name = Debug;
		};
		525F5F0629881589007285E4 /* Release */ = {
			isa = XCBuildConfiguration;
			buildSettings = {
				ALWAYS_EMBED_SWIFT_STANDARD_LIBRARIES = YES;
				CODE_SIGN_STYLE = Automatic;
				CURRENT_PROJECT_VERSION = 1;
				DEVELOPMENT_TEAM = SZMX86729P;
				GENERATE_INFOPLIST_FILE = YES;
				IPHONEOS_DEPLOYMENT_TARGET = 14.0;
				MACOSX_DEPLOYMENT_TARGET = 12.0;
				MARKETING_VERSION = 1.0;
				PRODUCT_BUNDLE_IDENTIFIER = com.crow.EssentialFeedTests;
				PRODUCT_NAME = "$(TARGET_NAME)";
				SDKROOT = auto;
				SUPPORTED_PLATFORMS = "iphoneos iphonesimulator macosx";
				SWIFT_EMIT_LOC_STRINGS = NO;
				SWIFT_VERSION = 5.0;
				TARGETED_DEVICE_FAMILY = "1,2";
			};
			name = Release;
		};
		52724CCA2AA27285008C98A9 /* Debug */ = {
			isa = XCBuildConfiguration;
			buildSettings = {
				CODE_SIGN_STYLE = Automatic;
				CURRENT_PROJECT_VERSION = 1;
				DEVELOPMENT_TEAM = SZMX86729P;
				GENERATE_INFOPLIST_FILE = YES;
				MACOSX_DEPLOYMENT_TARGET = 13.3;
				MARKETING_VERSION = 1.0;
				PRODUCT_BUNDLE_IDENTIFIER = com.crow.EssentialFeedAPIEndToEndTests;
				PRODUCT_NAME = "$(TARGET_NAME)";
				SDKROOT = macosx;
				SWIFT_EMIT_LOC_STRINGS = NO;
				SWIFT_VERSION = 5.0;
			};
			name = Debug;
		};
		52724CCB2AA27285008C98A9 /* Release */ = {
			isa = XCBuildConfiguration;
			buildSettings = {
				CODE_SIGN_STYLE = Automatic;
				CURRENT_PROJECT_VERSION = 1;
				DEVELOPMENT_TEAM = SZMX86729P;
				GENERATE_INFOPLIST_FILE = YES;
				MACOSX_DEPLOYMENT_TARGET = 13.3;
				MARKETING_VERSION = 1.0;
				PRODUCT_BUNDLE_IDENTIFIER = com.crow.EssentialFeedAPIEndToEndTests;
				PRODUCT_NAME = "$(TARGET_NAME)";
				SDKROOT = macosx;
				SWIFT_EMIT_LOC_STRINGS = NO;
				SWIFT_VERSION = 5.0;
			};
			name = Release;
		};
/* End XCBuildConfiguration section */

/* Begin XCConfigurationList section */
		525F5EE729881588007285E4 /* Build configuration list for PBXProject "EssentialFeed" */ = {
			isa = XCConfigurationList;
			buildConfigurations = (
				525F5EFF29881589007285E4 /* Debug */,
				525F5F0029881589007285E4 /* Release */,
			);
			defaultConfigurationIsVisible = 0;
			defaultConfigurationName = Release;
		};
		525F5F0129881589007285E4 /* Build configuration list for PBXNativeTarget "EssentialFeed" */ = {
			isa = XCConfigurationList;
			buildConfigurations = (
				525F5F0229881589007285E4 /* Debug */,
				525F5F0329881589007285E4 /* Release */,
			);
			defaultConfigurationIsVisible = 0;
			defaultConfigurationName = Release;
		};
		525F5F0429881589007285E4 /* Build configuration list for PBXNativeTarget "EssentialFeedTests" */ = {
			isa = XCConfigurationList;
			buildConfigurations = (
				525F5F0529881589007285E4 /* Debug */,
				525F5F0629881589007285E4 /* Release */,
			);
			defaultConfigurationIsVisible = 0;
			defaultConfigurationName = Release;
		};
		52724CC92AA27285008C98A9 /* Build configuration list for PBXNativeTarget "EssentialFeedAPIEndToEndTests" */ = {
			isa = XCConfigurationList;
			buildConfigurations = (
				52724CCA2AA27285008C98A9 /* Debug */,
				52724CCB2AA27285008C98A9 /* Release */,
			);
			defaultConfigurationIsVisible = 0;
			defaultConfigurationName = Release;
		};
/* End XCConfigurationList section */
	};
	rootObject = 525F5EE429881588007285E4 /* Project object */;
}
