// !$*UTF8*$!
{
	archiveVersion = 1;
	classes = {
	};
	objectVersion = 56;
	objects = {

/* Begin PBXBuildFile section */
		52100AA52AB0F5550001AE23 /* FeedStore.xcdatamodeld in Sources */ = {isa = PBXBuildFile; fileRef = 52100AA32AB0F5550001AE23 /* FeedStore.xcdatamodeld */; };
		52100AAD2AB0FAD50001AE23 /* EssentialFeedCacheIntegrationTests.swift in Sources */ = {isa = PBXBuildFile; fileRef = 52100AAC2AB0FAD50001AE23 /* EssentialFeedCacheIntegrationTests.swift */; };
		52100AAE2AB0FAD50001AE23 /* EssentialFeed.framework in Frameworks */ = {isa = PBXBuildFile; fileRef = 525F5EED29881588007285E4 /* EssentialFeed.framework */; };
		52100AB52AB0FD3F0001AE23 /* XCTestCase+MemoryLeakTrackingHelper.swift in Sources */ = {isa = PBXBuildFile; fileRef = 52FED1AA2AA0EF470085101C /* XCTestCase+MemoryLeakTrackingHelper.swift */; };
		52100AB62AB100730001AE23 /* FeedCacheTestHelpers.swift in Sources */ = {isa = PBXBuildFile; fileRef = 52A446F12AA9338B00F8CE3A /* FeedCacheTestHelpers.swift */; };
		52100AB72AB100910001AE23 /* SharedTestHelpers.swift in Sources */ = {isa = PBXBuildFile; fileRef = 52A446F32AA9343C00F8CE3A /* SharedTestHelpers.swift */; };
		522477622AB35B3E003691DB /* EssentialFeed.framework in Frameworks */ = {isa = PBXBuildFile; fileRef = 525F5EED29881588007285E4 /* EssentialFeed.framework */; platformFilter = ios; };
		522477632AB35B3E003691DB /* EssentialFeed.framework in Embed Frameworks */ = {isa = PBXBuildFile; fileRef = 525F5EED29881588007285E4 /* EssentialFeed.framework */; platformFilter = ios; settings = {ATTRIBUTES = (CodeSignOnCopy, RemoveHeadersOnCopy, ); }; };
		522477672AB35C36003691DB /* XCTestCase+MemoryLeakTrackingHelper.swift in Sources */ = {isa = PBXBuildFile; fileRef = 52FED1AA2AA0EF470085101C /* XCTestCase+MemoryLeakTrackingHelper.swift */; };
		523568352990923F00FF0C78 /* URLSessionHTTPClientTests.swift in Sources */ = {isa = PBXBuildFile; fileRef = 523568342990923F00FF0C78 /* URLSessionHTTPClientTests.swift */; };
		523E54872AB4F2F600348A87 /* UIView+Shimmering.swift in Sources */ = {isa = PBXBuildFile; fileRef = 523E54862AB4F2F600348A87 /* UIView+Shimmering.swift */; };
		5253E9FF2AA65A6B000DFC39 /* CacheFeedUseCase.swift in Sources */ = {isa = PBXBuildFile; fileRef = 5253E9FE2AA65A6B000DFC39 /* CacheFeedUseCase.swift */; };
		525F5EF229881588007285E4 /* EssentialFeed.docc in Sources */ = {isa = PBXBuildFile; fileRef = 525F5EF129881588007285E4 /* EssentialFeed.docc */; };
		525F5EF829881589007285E4 /* EssentialFeed.framework in Frameworks */ = {isa = PBXBuildFile; fileRef = 525F5EED29881588007285E4 /* EssentialFeed.framework */; };
		525F5EFD29881589007285E4 /* EssentialFeedTests.swift in Sources */ = {isa = PBXBuildFile; fileRef = 525F5EFC29881589007285E4 /* EssentialFeedTests.swift */; };
		525F5EFE29881589007285E4 /* EssentialFeed.h in Headers */ = {isa = PBXBuildFile; fileRef = 525F5EF029881588007285E4 /* EssentialFeed.h */; settings = {ATTRIBUTES = (Public, ); }; };
		525F5F08298816AA007285E4 /* FeedItem.swift in Sources */ = {isa = PBXBuildFile; fileRef = 525F5F07298816AA007285E4 /* FeedItem.swift */; };
		525F5F0A29881753007285E4 /* FeedLoader.swift in Sources */ = {isa = PBXBuildFile; fileRef = 525F5F0929881753007285E4 /* FeedLoader.swift */; };
		5260D5732AA93F8500DD28AA /* FeedCachePolicy.swift in Sources */ = {isa = PBXBuildFile; fileRef = 5260D5722AA93F8500DD28AA /* FeedCachePolicy.swift */; };
		5262B7382AA7AA8C009BE896 /* LocalFeedLoader.swift in Sources */ = {isa = PBXBuildFile; fileRef = 5262B7372AA7AA8C009BE896 /* LocalFeedLoader.swift */; };
		5262B73A2AA7AAFA009BE896 /* FeedStore.swift in Sources */ = {isa = PBXBuildFile; fileRef = 5262B7392AA7AAFA009BE896 /* FeedStore.swift */; };
		5262B73C2AA7CAB9009BE896 /* RemoteFeedItem.swift in Sources */ = {isa = PBXBuildFile; fileRef = 5262B73B2AA7CAB9009BE896 /* RemoteFeedItem.swift */; };
		5262B73E2AA7CB0F009BE896 /* LocalFeedImage.swift in Sources */ = {isa = PBXBuildFile; fileRef = 5262B73D2AA7CB0F009BE896 /* LocalFeedImage.swift */; };
		5262B7402AA7D4B8009BE896 /* LoadFeedFromCacheUseCaseTests.swift in Sources */ = {isa = PBXBuildFile; fileRef = 5262B73F2AA7D4B8009BE896 /* LoadFeedFromCacheUseCaseTests.swift */; };
		5262B7432AA7D612009BE896 /* FeedStoreSpy.swift in Sources */ = {isa = PBXBuildFile; fileRef = 5262B7422AA7D612009BE896 /* FeedStoreSpy.swift */; };
		5268C4852ABCEB8400893EA0 /* ErrorView.swift in Sources */ = {isa = PBXBuildFile; fileRef = 5268C4842ABCEB8400893EA0 /* ErrorView.swift */; };
		5269EFC72AC24D1F006C1431 /* FeedCache.swift in Sources */ = {isa = PBXBuildFile; fileRef = 5269EFC62AC24D1F006C1431 /* FeedCache.swift */; };
		5269EFCB2AC250EC006C1431 /* FeedImageDataCache.swift in Sources */ = {isa = PBXBuildFile; fileRef = 5269EFCA2AC250EC006C1431 /* FeedImageDataCache.swift */; };
		52724CC52AA27285008C98A9 /* EssentialFeedAPIEndToEndTests.swift in Sources */ = {isa = PBXBuildFile; fileRef = 52724CC42AA27285008C98A9 /* EssentialFeedAPIEndToEndTests.swift */; };
		52724CC62AA27285008C98A9 /* EssentialFeed.framework in Frameworks */ = {isa = PBXBuildFile; fileRef = 525F5EED29881588007285E4 /* EssentialFeed.framework */; };
		52724CCC2AA279DC008C98A9 /* XCTestCase+MemoryLeakTrackingHelper.swift in Sources */ = {isa = PBXBuildFile; fileRef = 52FED1AA2AA0EF470085101C /* XCTestCase+MemoryLeakTrackingHelper.swift */; };
		5277EF492AAFCC6100967B23 /* CoreDataFeedStore.swift in Sources */ = {isa = PBXBuildFile; fileRef = 5277EF482AAFCC6100967B23 /* CoreDataFeedStore.swift */; };
		5277EF4B2AAFCE7100967B23 /* ManagedCache.swift in Sources */ = {isa = PBXBuildFile; fileRef = 5277EF4A2AAFCE7100967B23 /* ManagedCache.swift */; };
		5277EF4F2AAFCF5C00967B23 /* CoreDataHelpers.swift in Sources */ = {isa = PBXBuildFile; fileRef = 5277EF4E2AAFCF5C00967B23 /* CoreDataHelpers.swift */; };
		5277EF512AAFD33C00967B23 /* CoreDataFeedStoreTests.swift in Sources */ = {isa = PBXBuildFile; fileRef = 5277EF502AAFD33C00967B23 /* CoreDataFeedStoreTests.swift */; };
		528BC82E2ABE94FE00CB8FDD /* HTTPClientSpy.swift in Sources */ = {isa = PBXBuildFile; fileRef = 528BC82D2ABE94FE00CB8FDD /* HTTPClientSpy.swift */; };
		528BC8302ABE9C7C00CB8FDD /* HTTPURLResponse+StatusCode.swift in Sources */ = {isa = PBXBuildFile; fileRef = 528BC82F2ABE9C7C00CB8FDD /* HTTPURLResponse+StatusCode.swift */; };
		528BC8322ABE9CEB00CB8FDD /* URLProtocolStub.swift in Sources */ = {isa = PBXBuildFile; fileRef = 528BC8312ABE9CEB00CB8FDD /* URLProtocolStub.swift */; };
		528BC8342ABE9F3F00CB8FDD /* FeedImageDataStore.swift in Sources */ = {isa = PBXBuildFile; fileRef = 528BC8332ABE9F3F00CB8FDD /* FeedImageDataStore.swift */; };
		528BC8362ABEA01900CB8FDD /* LocalFeedImageDataLoader.swift in Sources */ = {isa = PBXBuildFile; fileRef = 528BC8352ABEA01900CB8FDD /* LocalFeedImageDataLoader.swift */; };
		528BC8382ABEA11000CB8FDD /* LoadFeedImageDataFromCacheUseCaseTests.swift in Sources */ = {isa = PBXBuildFile; fileRef = 528BC8372ABEA11000CB8FDD /* LoadFeedImageDataFromCacheUseCaseTests.swift */; };
		528BC83A2ABEA89800CB8FDD /* FeedImageDataStoreSpy.swift in Sources */ = {isa = PBXBuildFile; fileRef = 528BC8392ABEA89800CB8FDD /* FeedImageDataStoreSpy.swift */; };
		528BC83C2ABEAA0600CB8FDD /* CacheFeedImageDataUseCaseTests.swift in Sources */ = {isa = PBXBuildFile; fileRef = 528BC83B2ABEAA0600CB8FDD /* CacheFeedImageDataUseCaseTests.swift */; };
		528BC83E2ABEACFE00CB8FDD /* CoreDataFeedImageDataStoreTests.swift in Sources */ = {isa = PBXBuildFile; fileRef = 528BC83D2ABEACFE00CB8FDD /* CoreDataFeedImageDataStoreTests.swift */; };
		528BC8412ABEB03F00CB8FDD /* FeedStore2.xcdatamodeld in Sources */ = {isa = PBXBuildFile; fileRef = 528BC83F2ABEB03F00CB8FDD /* FeedStore2.xcdatamodeld */; };
		528BC8432ABEB46500CB8FDD /* CoreDataFeedStore+FeedImageDataLoader.swift in Sources */ = {isa = PBXBuildFile; fileRef = 528BC8422ABEB46500CB8FDD /* CoreDataFeedStore+FeedImageDataLoader.swift */; };
		528BC8452ABEBCAB00CB8FDD /* CoreDataFeedStore+FeedStore.swift in Sources */ = {isa = PBXBuildFile; fileRef = 528BC8442ABEBCAB00CB8FDD /* CoreDataFeedStore+FeedStore.swift */; };
		528DEB6A2ABB89A9008F0AEE /* Feed.storyboard in Resources */ = {isa = PBXBuildFile; fileRef = 528DEB692ABB89A9008F0AEE /* Feed.storyboard */; };
		528DEB6C2ABB8A48008F0AEE /* Feed.xcassets in Resources */ = {isa = PBXBuildFile; fileRef = 528DEB6B2ABB8A48008F0AEE /* Feed.xcassets */; };
		528DEB6E2ABB98F3008F0AEE /* UITableView+Dequeueing.swift in Sources */ = {isa = PBXBuildFile; fileRef = 528DEB6D2ABB98F3008F0AEE /* UITableView+Dequeueing.swift */; };
		528DEB702ABB9BBF008F0AEE /* UIImageView+Animation.swift in Sources */ = {isa = PBXBuildFile; fileRef = 528DEB6F2ABB9BBF008F0AEE /* UIImageView+Animation.swift */; };
		5296858A2AB36A5C009C1F77 /* FeedViewController.swift in Sources */ = {isa = PBXBuildFile; fileRef = 529685892AB36A5C009C1F77 /* FeedViewController.swift */; };
		5296858C2AB37F14009C1F77 /* FeedImageCell.swift in Sources */ = {isa = PBXBuildFile; fileRef = 5296858B2AB37F14009C1F77 /* FeedImageCell.swift */; };
		529992DC2AC381F2002D75E3 /* FeedSnapshotTests.swift in Sources */ = {isa = PBXBuildFile; fileRef = 529992DB2AC381F2002D75E3 /* FeedSnapshotTests.swift */; };
		529992DF2AC3873B002D75E3 /* UIImage+TestHelpers.swift in Sources */ = {isa = PBXBuildFile; fileRef = 529992DE2AC3873B002D75E3 /* UIImage+TestHelpers.swift */; };
		529992E12AC388FD002D75E3 /* UITableView+HeaderSizing.swift in Sources */ = {isa = PBXBuildFile; fileRef = 529992E02AC388FD002D75E3 /* UITableView+HeaderSizing.swift */; };
		529992E32AC39749002D75E3 /* UIViewController+Snapshot.swift in Sources */ = {isa = PBXBuildFile; fileRef = 529992E22AC39749002D75E3 /* UIViewController+Snapshot.swift */; };
		529992E52AC397D3002D75E3 /* XCTestCase+Snapshot.swift in Sources */ = {isa = PBXBuildFile; fileRef = 529992E42AC397D3002D75E3 /* XCTestCase+Snapshot.swift */; };
		529A39E52AB90E2900C6CB9D /* FeedImageCellController.swift in Sources */ = {isa = PBXBuildFile; fileRef = 529A39E42AB90E2900C6CB9D /* FeedImageCellController.swift */; };
		52A446F02AA92E0000F8CE3A /* ValidateFeedCacheUseCaseTests.swift in Sources */ = {isa = PBXBuildFile; fileRef = 52A446EF2AA92E0000F8CE3A /* ValidateFeedCacheUseCaseTests.swift */; };
		52A446F22AA9338B00F8CE3A /* FeedCacheTestHelpers.swift in Sources */ = {isa = PBXBuildFile; fileRef = 52A446F12AA9338B00F8CE3A /* FeedCacheTestHelpers.swift */; };
		52A446F42AA9343C00F8CE3A /* SharedTestHelpers.swift in Sources */ = {isa = PBXBuildFile; fileRef = 52A446F32AA9343C00F8CE3A /* SharedTestHelpers.swift */; };
		52B801C1298F20BF001B5C28 /* HTTPClient.swift in Sources */ = {isa = PBXBuildFile; fileRef = 52B801C0298F20BF001B5C28 /* HTTPClient.swift */; };
		52B801C3298F2126001B5C28 /* FeedItemsMapper.swift in Sources */ = {isa = PBXBuildFile; fileRef = 52B801C2298F2126001B5C28 /* FeedItemsMapper.swift */; };
		52B928732AB24A9C0092FD80 /* EssentialFeediOS.docc in Sources */ = {isa = PBXBuildFile; fileRef = 52B928722AB24A9C0092FD80 /* EssentialFeediOS.docc */; };
		52B928792AB24A9D0092FD80 /* EssentialFeediOS.framework in Frameworks */ = {isa = PBXBuildFile; fileRef = 52B9286F2AB24A9C0092FD80 /* EssentialFeediOS.framework */; };
		52B9287F2AB24A9D0092FD80 /* EssentialFeediOS.h in Headers */ = {isa = PBXBuildFile; fileRef = 52B928712AB24A9C0092FD80 /* EssentialFeediOS.h */; settings = {ATTRIBUTES = (Public, ); }; };
		52C659192AAFC06F00FC7B1C /* FeedStoreSpecs.swift in Sources */ = {isa = PBXBuildFile; fileRef = 52C659182AAFC06F00FC7B1C /* FeedStoreSpecs.swift */; };
		52C6591B2AAFC10800FC7B1C /* XCTestCase+FeedStoreSpecs.swift in Sources */ = {isa = PBXBuildFile; fileRef = 52C6591A2AAFC10800FC7B1C /* XCTestCase+FeedStoreSpecs.swift */; };
		52D97BED2ABDE55A00A7011A /* UIRefreshControl+Helpers.swift in Sources */ = {isa = PBXBuildFile; fileRef = 52D97BEC2ABDE55A00A7011A /* UIRefreshControl+Helpers.swift */; };
		52D97BF02ABDE8D300A7011A /* FeedPresenterTests.swift in Sources */ = {isa = PBXBuildFile; fileRef = 52D97BEF2ABDE8D300A7011A /* FeedPresenterTests.swift */; };
		52D97BFA2ABDF70300A7011A /* FeedPresenter.swift in Sources */ = {isa = PBXBuildFile; fileRef = 52D97BF92ABDF70300A7011A /* FeedPresenter.swift */; };
		52D97BFB2ABDF7AC00A7011A /* Feed.strings in Resources */ = {isa = PBXBuildFile; fileRef = 52D97BF52ABDF5C500A7011A /* Feed.strings */; };
		52D97BFD2ABDF7DF00A7011A /* FeedViewModel.swift in Sources */ = {isa = PBXBuildFile; fileRef = 52D97BFC2ABDF7DF00A7011A /* FeedViewModel.swift */; };
		52D97BFF2ABDF7FB00A7011A /* FeedLoadingViewModel.swift in Sources */ = {isa = PBXBuildFile; fileRef = 52D97BFE2ABDF7FB00A7011A /* FeedLoadingViewModel.swift */; };
		52D97C012ABDF80C00A7011A /* FeedErrorViewModel.swift in Sources */ = {isa = PBXBuildFile; fileRef = 52D97C002ABDF80C00A7011A /* FeedErrorViewModel.swift */; };
		52D97C022ABDFE9000A7011A /* FeedLocalizationTests.swift in Sources */ = {isa = PBXBuildFile; fileRef = 528DEB872ABBAF2F008F0AEE /* FeedLocalizationTests.swift */; };
		52D97C042ABE01DB00A7011A /* FeedImagePresenterTests.swift in Sources */ = {isa = PBXBuildFile; fileRef = 52D97C032ABE01DB00A7011A /* FeedImagePresenterTests.swift */; };
		52D97C062ABE029A00A7011A /* FeedImagePresenter.swift in Sources */ = {isa = PBXBuildFile; fileRef = 52D97C052ABE029A00A7011A /* FeedImagePresenter.swift */; };
		52D97C082ABE02AC00A7011A /* FeedImageViewModel.swift in Sources */ = {isa = PBXBuildFile; fileRef = 52D97C072ABE02AC00A7011A /* FeedImageViewModel.swift */; };
		52D97C0D2ABE273700A7011A /* FeedImageDataLoader.swift in Sources */ = {isa = PBXBuildFile; fileRef = 529A39E02AB9042200C6CB9D /* FeedImageDataLoader.swift */; };
		52D97C0F2ABE283900A7011A /* LoadFeedImageDataFromRemoteUseCaseTests.swift in Sources */ = {isa = PBXBuildFile; fileRef = 52D97C0E2ABE283900A7011A /* LoadFeedImageDataFromRemoteUseCaseTests.swift */; };
		52D97C112ABE288000A7011A /* RemoteFeedImageDataLoader.swift in Sources */ = {isa = PBXBuildFile; fileRef = 52D97C102ABE288000A7011A /* RemoteFeedImageDataLoader.swift */; };
		52FA509029895931007F8AB5 /* RemoteFeedLoaderTests.swift in Sources */ = {isa = PBXBuildFile; fileRef = 52FA508F29895931007F8AB5 /* RemoteFeedLoaderTests.swift */; };
		52FA50932989650B007F8AB5 /* RemoteFeedLoader.swift in Sources */ = {isa = PBXBuildFile; fileRef = 52FA50922989650B007F8AB5 /* RemoteFeedLoader.swift */; };
		52FED1AB2AA0EF470085101C /* XCTestCase+MemoryLeakTrackingHelper.swift in Sources */ = {isa = PBXBuildFile; fileRef = 52FED1AA2AA0EF470085101C /* XCTestCase+MemoryLeakTrackingHelper.swift */; };
		52FED1AD2AA11D9A0085101C /* URLSessionHTTPClient.swift in Sources */ = {isa = PBXBuildFile; fileRef = 52FED1AC2AA11D9A0085101C /* URLSessionHTTPClient.swift */; };
/* End PBXBuildFile section */

/* Begin PBXContainerItemProxy section */
		52100AAF2AB0FAD50001AE23 /* PBXContainerItemProxy */ = {
			isa = PBXContainerItemProxy;
			containerPortal = 525F5EE429881588007285E4 /* Project object */;
			proxyType = 1;
			remoteGlobalIDString = 525F5EEC29881588007285E4;
			remoteInfo = EssentialFeed;
		};
		522477642AB35B3E003691DB /* PBXContainerItemProxy */ = {
			isa = PBXContainerItemProxy;
			containerPortal = 525F5EE429881588007285E4 /* Project object */;
			proxyType = 1;
			remoteGlobalIDString = 525F5EEC29881588007285E4;
			remoteInfo = EssentialFeed;
		};
		525F5EF929881589007285E4 /* PBXContainerItemProxy */ = {
			isa = PBXContainerItemProxy;
			containerPortal = 525F5EE429881588007285E4 /* Project object */;
			proxyType = 1;
			remoteGlobalIDString = 525F5EEC29881588007285E4;
			remoteInfo = EssentialFeed;
		};
		52724CC72AA27285008C98A9 /* PBXContainerItemProxy */ = {
			isa = PBXContainerItemProxy;
			containerPortal = 525F5EE429881588007285E4 /* Project object */;
			proxyType = 1;
			remoteGlobalIDString = 525F5EEC29881588007285E4;
			remoteInfo = EssentialFeed;
		};
		52B9287A2AB24A9D0092FD80 /* PBXContainerItemProxy */ = {
			isa = PBXContainerItemProxy;
			containerPortal = 525F5EE429881588007285E4 /* Project object */;
			proxyType = 1;
			remoteGlobalIDString = 52B9286E2AB24A9C0092FD80;
			remoteInfo = EssentialFeediOS;
		};
/* End PBXContainerItemProxy section */

/* Begin PBXCopyFilesBuildPhase section */
		522477662AB35B3E003691DB /* Embed Frameworks */ = {
			isa = PBXCopyFilesBuildPhase;
			buildActionMask = 2147483647;
			dstPath = "";
			dstSubfolderSpec = 10;
			files = (
				522477632AB35B3E003691DB /* EssentialFeed.framework in Embed Frameworks */,
			);
			name = "Embed Frameworks";
			runOnlyForDeploymentPostprocessing = 0;
		};
/* End PBXCopyFilesBuildPhase section */

/* Begin PBXFileReference section */
		52100AA42AB0F5550001AE23 /* FeedStore.xcdatamodel */ = {isa = PBXFileReference; lastKnownFileType = wrapper.xcdatamodel; path = FeedStore.xcdatamodel; sourceTree = "<group>"; };
		52100AAA2AB0FAD50001AE23 /* EssentialFeedCacheIntegrationTests.xctest */ = {isa = PBXFileReference; explicitFileType = wrapper.cfbundle; includeInIndex = 0; path = EssentialFeedCacheIntegrationTests.xctest; sourceTree = BUILT_PRODUCTS_DIR; };
		52100AAC2AB0FAD50001AE23 /* EssentialFeedCacheIntegrationTests.swift */ = {isa = PBXFileReference; lastKnownFileType = sourcecode.swift; path = EssentialFeedCacheIntegrationTests.swift; sourceTree = "<group>"; };
		52100AB42AB0FB050001AE23 /* EssentialFeedCacheIntegrationTests.xctestplan */ = {isa = PBXFileReference; lastKnownFileType = text; path = EssentialFeedCacheIntegrationTests.xctestplan; sourceTree = "<group>"; };
		523568342990923F00FF0C78 /* URLSessionHTTPClientTests.swift */ = {isa = PBXFileReference; lastKnownFileType = sourcecode.swift; path = URLSessionHTTPClientTests.swift; sourceTree = "<group>"; };
		523E54862AB4F2F600348A87 /* UIView+Shimmering.swift */ = {isa = PBXFileReference; lastKnownFileType = sourcecode.swift; path = "UIView+Shimmering.swift"; sourceTree = "<group>"; };
		5253E9FE2AA65A6B000DFC39 /* CacheFeedUseCase.swift */ = {isa = PBXFileReference; lastKnownFileType = sourcecode.swift; path = CacheFeedUseCase.swift; sourceTree = "<group>"; };
		525F5EED29881588007285E4 /* EssentialFeed.framework */ = {isa = PBXFileReference; explicitFileType = wrapper.framework; includeInIndex = 0; path = EssentialFeed.framework; sourceTree = BUILT_PRODUCTS_DIR; };
		525F5EF029881588007285E4 /* EssentialFeed.h */ = {isa = PBXFileReference; lastKnownFileType = sourcecode.c.h; path = EssentialFeed.h; sourceTree = "<group>"; };
		525F5EF129881588007285E4 /* EssentialFeed.docc */ = {isa = PBXFileReference; lastKnownFileType = folder.documentationcatalog; path = EssentialFeed.docc; sourceTree = "<group>"; };
		525F5EF729881589007285E4 /* EssentialFeedTests.xctest */ = {isa = PBXFileReference; explicitFileType = wrapper.cfbundle; includeInIndex = 0; path = EssentialFeedTests.xctest; sourceTree = BUILT_PRODUCTS_DIR; };
		525F5EFC29881589007285E4 /* EssentialFeedTests.swift */ = {isa = PBXFileReference; lastKnownFileType = sourcecode.swift; path = EssentialFeedTests.swift; sourceTree = "<group>"; };
		525F5F07298816AA007285E4 /* FeedItem.swift */ = {isa = PBXFileReference; lastKnownFileType = sourcecode.swift; path = FeedItem.swift; sourceTree = "<group>"; };
		525F5F0929881753007285E4 /* FeedLoader.swift */ = {isa = PBXFileReference; lastKnownFileType = sourcecode.swift; path = FeedLoader.swift; sourceTree = "<group>"; };
		5260D5722AA93F8500DD28AA /* FeedCachePolicy.swift */ = {isa = PBXFileReference; lastKnownFileType = sourcecode.swift; path = FeedCachePolicy.swift; sourceTree = "<group>"; };
		5262B7372AA7AA8C009BE896 /* LocalFeedLoader.swift */ = {isa = PBXFileReference; lastKnownFileType = sourcecode.swift; path = LocalFeedLoader.swift; sourceTree = "<group>"; };
		5262B7392AA7AAFA009BE896 /* FeedStore.swift */ = {isa = PBXFileReference; lastKnownFileType = sourcecode.swift; path = FeedStore.swift; sourceTree = "<group>"; };
		5262B73B2AA7CAB9009BE896 /* RemoteFeedItem.swift */ = {isa = PBXFileReference; lastKnownFileType = sourcecode.swift; path = RemoteFeedItem.swift; sourceTree = "<group>"; };
		5262B73D2AA7CB0F009BE896 /* LocalFeedImage.swift */ = {isa = PBXFileReference; lastKnownFileType = sourcecode.swift; path = LocalFeedImage.swift; sourceTree = "<group>"; };
		5262B73F2AA7D4B8009BE896 /* LoadFeedFromCacheUseCaseTests.swift */ = {isa = PBXFileReference; lastKnownFileType = sourcecode.swift; path = LoadFeedFromCacheUseCaseTests.swift; sourceTree = "<group>"; };
		5262B7422AA7D612009BE896 /* FeedStoreSpy.swift */ = {isa = PBXFileReference; lastKnownFileType = sourcecode.swift; path = FeedStoreSpy.swift; sourceTree = "<group>"; };
		5268C4842ABCEB8400893EA0 /* ErrorView.swift */ = {isa = PBXFileReference; lastKnownFileType = sourcecode.swift; path = ErrorView.swift; sourceTree = "<group>"; };
		5269EFC62AC24D1F006C1431 /* FeedCache.swift */ = {isa = PBXFileReference; lastKnownFileType = sourcecode.swift; path = FeedCache.swift; sourceTree = "<group>"; };
		5269EFCA2AC250EC006C1431 /* FeedImageDataCache.swift */ = {isa = PBXFileReference; lastKnownFileType = sourcecode.swift; path = FeedImageDataCache.swift; sourceTree = "<group>"; };
		52724CBD2AA26F8F008C98A9 /* EssentialFeed.xctestplan */ = {isa = PBXFileReference; lastKnownFileType = text; path = EssentialFeed.xctestplan; sourceTree = "<group>"; };
		52724CC22AA27285008C98A9 /* EssentialFeedAPIEndToEndTests.xctest */ = {isa = PBXFileReference; explicitFileType = wrapper.cfbundle; includeInIndex = 0; path = EssentialFeedAPIEndToEndTests.xctest; sourceTree = BUILT_PRODUCTS_DIR; };
		52724CC42AA27285008C98A9 /* EssentialFeedAPIEndToEndTests.swift */ = {isa = PBXFileReference; lastKnownFileType = sourcecode.swift; path = EssentialFeedAPIEndToEndTests.swift; sourceTree = "<group>"; };
		52724CCD2AA27B18008C98A9 /* CI.xctestplan */ = {isa = PBXFileReference; lastKnownFileType = text; path = CI.xctestplan; sourceTree = "<group>"; };
		5277EF482AAFCC6100967B23 /* CoreDataFeedStore.swift */ = {isa = PBXFileReference; lastKnownFileType = sourcecode.swift; path = CoreDataFeedStore.swift; sourceTree = "<group>"; };
		5277EF4A2AAFCE7100967B23 /* ManagedCache.swift */ = {isa = PBXFileReference; lastKnownFileType = sourcecode.swift; path = ManagedCache.swift; sourceTree = "<group>"; };
		5277EF4E2AAFCF5C00967B23 /* CoreDataHelpers.swift */ = {isa = PBXFileReference; lastKnownFileType = sourcecode.swift; path = CoreDataHelpers.swift; sourceTree = "<group>"; };
		5277EF502AAFD33C00967B23 /* CoreDataFeedStoreTests.swift */ = {isa = PBXFileReference; lastKnownFileType = sourcecode.swift; path = CoreDataFeedStoreTests.swift; sourceTree = "<group>"; };
		528BC82D2ABE94FE00CB8FDD /* HTTPClientSpy.swift */ = {isa = PBXFileReference; lastKnownFileType = sourcecode.swift; path = HTTPClientSpy.swift; sourceTree = "<group>"; };
		528BC82F2ABE9C7C00CB8FDD /* HTTPURLResponse+StatusCode.swift */ = {isa = PBXFileReference; lastKnownFileType = sourcecode.swift; path = "HTTPURLResponse+StatusCode.swift"; sourceTree = "<group>"; };
		528BC8312ABE9CEB00CB8FDD /* URLProtocolStub.swift */ = {isa = PBXFileReference; lastKnownFileType = sourcecode.swift; path = URLProtocolStub.swift; sourceTree = "<group>"; };
		528BC8332ABE9F3F00CB8FDD /* FeedImageDataStore.swift */ = {isa = PBXFileReference; lastKnownFileType = sourcecode.swift; path = FeedImageDataStore.swift; sourceTree = "<group>"; };
		528BC8352ABEA01900CB8FDD /* LocalFeedImageDataLoader.swift */ = {isa = PBXFileReference; lastKnownFileType = sourcecode.swift; path = LocalFeedImageDataLoader.swift; sourceTree = "<group>"; };
		528BC8372ABEA11000CB8FDD /* LoadFeedImageDataFromCacheUseCaseTests.swift */ = {isa = PBXFileReference; lastKnownFileType = sourcecode.swift; path = LoadFeedImageDataFromCacheUseCaseTests.swift; sourceTree = "<group>"; };
		528BC8392ABEA89800CB8FDD /* FeedImageDataStoreSpy.swift */ = {isa = PBXFileReference; lastKnownFileType = sourcecode.swift; path = FeedImageDataStoreSpy.swift; sourceTree = "<group>"; };
		528BC83B2ABEAA0600CB8FDD /* CacheFeedImageDataUseCaseTests.swift */ = {isa = PBXFileReference; lastKnownFileType = sourcecode.swift; path = CacheFeedImageDataUseCaseTests.swift; sourceTree = "<group>"; };
		528BC83D2ABEACFE00CB8FDD /* CoreDataFeedImageDataStoreTests.swift */ = {isa = PBXFileReference; lastKnownFileType = sourcecode.swift; path = CoreDataFeedImageDataStoreTests.swift; sourceTree = "<group>"; };
		528BC8402ABEB03F00CB8FDD /* FeedStore2.xcdatamodel */ = {isa = PBXFileReference; lastKnownFileType = wrapper.xcdatamodel; path = FeedStore2.xcdatamodel; sourceTree = "<group>"; };
		528BC8422ABEB46500CB8FDD /* CoreDataFeedStore+FeedImageDataLoader.swift */ = {isa = PBXFileReference; lastKnownFileType = sourcecode.swift; path = "CoreDataFeedStore+FeedImageDataLoader.swift"; sourceTree = "<group>"; };
		528BC8442ABEBCAB00CB8FDD /* CoreDataFeedStore+FeedStore.swift */ = {isa = PBXFileReference; lastKnownFileType = sourcecode.swift; path = "CoreDataFeedStore+FeedStore.swift"; sourceTree = "<group>"; };
		528DEB692ABB89A9008F0AEE /* Feed.storyboard */ = {isa = PBXFileReference; lastKnownFileType = file.storyboard; path = Feed.storyboard; sourceTree = "<group>"; };
		528DEB6B2ABB8A48008F0AEE /* Feed.xcassets */ = {isa = PBXFileReference; lastKnownFileType = folder.assetcatalog; path = Feed.xcassets; sourceTree = "<group>"; };
		528DEB6D2ABB98F3008F0AEE /* UITableView+Dequeueing.swift */ = {isa = PBXFileReference; lastKnownFileType = sourcecode.swift; path = "UITableView+Dequeueing.swift"; sourceTree = "<group>"; };
		528DEB6F2ABB9BBF008F0AEE /* UIImageView+Animation.swift */ = {isa = PBXFileReference; lastKnownFileType = sourcecode.swift; path = "UIImageView+Animation.swift"; sourceTree = "<group>"; };
		528DEB872ABBAF2F008F0AEE /* FeedLocalizationTests.swift */ = {isa = PBXFileReference; lastKnownFileType = sourcecode.swift; path = FeedLocalizationTests.swift; sourceTree = "<group>"; };
		529685892AB36A5C009C1F77 /* FeedViewController.swift */ = {isa = PBXFileReference; lastKnownFileType = sourcecode.swift; path = FeedViewController.swift; sourceTree = "<group>"; };
		5296858B2AB37F14009C1F77 /* FeedImageCell.swift */ = {isa = PBXFileReference; lastKnownFileType = sourcecode.swift; path = FeedImageCell.swift; sourceTree = "<group>"; };
		529992DB2AC381F2002D75E3 /* FeedSnapshotTests.swift */ = {isa = PBXFileReference; lastKnownFileType = sourcecode.swift; path = FeedSnapshotTests.swift; sourceTree = "<group>"; };
		529992DE2AC3873B002D75E3 /* UIImage+TestHelpers.swift */ = {isa = PBXFileReference; fileEncoding = 4; lastKnownFileType = sourcecode.swift; path = "UIImage+TestHelpers.swift"; sourceTree = "<group>"; };
		529992E02AC388FD002D75E3 /* UITableView+HeaderSizing.swift */ = {isa = PBXFileReference; lastKnownFileType = sourcecode.swift; path = "UITableView+HeaderSizing.swift"; sourceTree = "<group>"; };
		529992E22AC39749002D75E3 /* UIViewController+Snapshot.swift */ = {isa = PBXFileReference; lastKnownFileType = sourcecode.swift; path = "UIViewController+Snapshot.swift"; sourceTree = "<group>"; };
		529992E42AC397D3002D75E3 /* XCTestCase+Snapshot.swift */ = {isa = PBXFileReference; lastKnownFileType = sourcecode.swift; path = "XCTestCase+Snapshot.swift"; sourceTree = "<group>"; };
		529A39E02AB9042200C6CB9D /* FeedImageDataLoader.swift */ = {isa = PBXFileReference; lastKnownFileType = sourcecode.swift; path = FeedImageDataLoader.swift; sourceTree = "<group>"; };
		529A39E42AB90E2900C6CB9D /* FeedImageCellController.swift */ = {isa = PBXFileReference; lastKnownFileType = sourcecode.swift; path = FeedImageCellController.swift; sourceTree = "<group>"; };
		52A446EF2AA92E0000F8CE3A /* ValidateFeedCacheUseCaseTests.swift */ = {isa = PBXFileReference; lastKnownFileType = sourcecode.swift; path = ValidateFeedCacheUseCaseTests.swift; sourceTree = "<group>"; };
		52A446F12AA9338B00F8CE3A /* FeedCacheTestHelpers.swift */ = {isa = PBXFileReference; lastKnownFileType = sourcecode.swift; path = FeedCacheTestHelpers.swift; sourceTree = "<group>"; };
		52A446F32AA9343C00F8CE3A /* SharedTestHelpers.swift */ = {isa = PBXFileReference; lastKnownFileType = sourcecode.swift; path = SharedTestHelpers.swift; sourceTree = "<group>"; };
		52B801C0298F20BF001B5C28 /* HTTPClient.swift */ = {isa = PBXFileReference; lastKnownFileType = sourcecode.swift; path = HTTPClient.swift; sourceTree = "<group>"; };
		52B801C2298F2126001B5C28 /* FeedItemsMapper.swift */ = {isa = PBXFileReference; lastKnownFileType = sourcecode.swift; path = FeedItemsMapper.swift; sourceTree = "<group>"; };
		52B928692AB2308D0092FD80 /* EssentialFeedAPIEndToEndTests.xctestplan */ = {isa = PBXFileReference; lastKnownFileType = text; path = EssentialFeedAPIEndToEndTests.xctestplan; sourceTree = "<group>"; };
		52B9286F2AB24A9C0092FD80 /* EssentialFeediOS.framework */ = {isa = PBXFileReference; explicitFileType = wrapper.framework; includeInIndex = 0; path = EssentialFeediOS.framework; sourceTree = BUILT_PRODUCTS_DIR; };
		52B928712AB24A9C0092FD80 /* EssentialFeediOS.h */ = {isa = PBXFileReference; lastKnownFileType = sourcecode.c.h; path = EssentialFeediOS.h; sourceTree = "<group>"; };
		52B928722AB24A9C0092FD80 /* EssentialFeediOS.docc */ = {isa = PBXFileReference; lastKnownFileType = folder.documentationcatalog; path = EssentialFeediOS.docc; sourceTree = "<group>"; };
		52B928782AB24A9C0092FD80 /* EssentialFeediOSTests.xctest */ = {isa = PBXFileReference; explicitFileType = wrapper.cfbundle; includeInIndex = 0; path = EssentialFeediOSTests.xctest; sourceTree = BUILT_PRODUCTS_DIR; };
		52B928862AB24B310092FD80 /* EssentialFeediOS.xctestplan */ = {isa = PBXFileReference; lastKnownFileType = text; path = EssentialFeediOS.xctestplan; sourceTree = "<group>"; };
		52B928882AB297E70092FD80 /* CI_iOS.xctestplan */ = {isa = PBXFileReference; lastKnownFileType = text; path = CI_iOS.xctestplan; sourceTree = "<group>"; };
		52C659182AAFC06F00FC7B1C /* FeedStoreSpecs.swift */ = {isa = PBXFileReference; lastKnownFileType = sourcecode.swift; path = FeedStoreSpecs.swift; sourceTree = "<group>"; };
		52C6591A2AAFC10800FC7B1C /* XCTestCase+FeedStoreSpecs.swift */ = {isa = PBXFileReference; lastKnownFileType = sourcecode.swift; path = "XCTestCase+FeedStoreSpecs.swift"; sourceTree = "<group>"; };
		52D97BEC2ABDE55A00A7011A /* UIRefreshControl+Helpers.swift */ = {isa = PBXFileReference; lastKnownFileType = sourcecode.swift; path = "UIRefreshControl+Helpers.swift"; sourceTree = "<group>"; };
		52D97BEF2ABDE8D300A7011A /* FeedPresenterTests.swift */ = {isa = PBXFileReference; lastKnownFileType = sourcecode.swift; path = FeedPresenterTests.swift; sourceTree = "<group>"; };
		52D97BF42ABDF5C500A7011A /* en */ = {isa = PBXFileReference; lastKnownFileType = text.plist.strings; name = en; path = en.lproj/Feed.strings; sourceTree = "<group>"; };
		52D97BF62ABDF5C900A7011A /* el */ = {isa = PBXFileReference; lastKnownFileType = text.plist.strings; name = el; path = el.lproj/Feed.strings; sourceTree = "<group>"; };
		52D97BF72ABDF5CA00A7011A /* pt-BR */ = {isa = PBXFileReference; lastKnownFileType = text.plist.strings; name = "pt-BR"; path = "pt-BR.lproj/Feed.strings"; sourceTree = "<group>"; };
		52D97BF92ABDF70300A7011A /* FeedPresenter.swift */ = {isa = PBXFileReference; lastKnownFileType = sourcecode.swift; path = FeedPresenter.swift; sourceTree = "<group>"; };
		52D97BFC2ABDF7DF00A7011A /* FeedViewModel.swift */ = {isa = PBXFileReference; lastKnownFileType = sourcecode.swift; path = FeedViewModel.swift; sourceTree = "<group>"; };
		52D97BFE2ABDF7FB00A7011A /* FeedLoadingViewModel.swift */ = {isa = PBXFileReference; lastKnownFileType = sourcecode.swift; path = FeedLoadingViewModel.swift; sourceTree = "<group>"; };
		52D97C002ABDF80C00A7011A /* FeedErrorViewModel.swift */ = {isa = PBXFileReference; lastKnownFileType = sourcecode.swift; path = FeedErrorViewModel.swift; sourceTree = "<group>"; };
		52D97C032ABE01DB00A7011A /* FeedImagePresenterTests.swift */ = {isa = PBXFileReference; lastKnownFileType = sourcecode.swift; path = FeedImagePresenterTests.swift; sourceTree = "<group>"; };
		52D97C052ABE029A00A7011A /* FeedImagePresenter.swift */ = {isa = PBXFileReference; lastKnownFileType = sourcecode.swift; path = FeedImagePresenter.swift; sourceTree = "<group>"; };
		52D97C072ABE02AC00A7011A /* FeedImageViewModel.swift */ = {isa = PBXFileReference; lastKnownFileType = sourcecode.swift; path = FeedImageViewModel.swift; sourceTree = "<group>"; };
		52D97C0E2ABE283900A7011A /* LoadFeedImageDataFromRemoteUseCaseTests.swift */ = {isa = PBXFileReference; lastKnownFileType = sourcecode.swift; path = LoadFeedImageDataFromRemoteUseCaseTests.swift; sourceTree = "<group>"; };
		52D97C102ABE288000A7011A /* RemoteFeedImageDataLoader.swift */ = {isa = PBXFileReference; lastKnownFileType = sourcecode.swift; path = RemoteFeedImageDataLoader.swift; sourceTree = "<group>"; };
		52FA508F29895931007F8AB5 /* RemoteFeedLoaderTests.swift */ = {isa = PBXFileReference; lastKnownFileType = sourcecode.swift; path = RemoteFeedLoaderTests.swift; sourceTree = "<group>"; };
		52FA50922989650B007F8AB5 /* RemoteFeedLoader.swift */ = {isa = PBXFileReference; lastKnownFileType = sourcecode.swift; path = RemoteFeedLoader.swift; sourceTree = "<group>"; };
		52FED1AA2AA0EF470085101C /* XCTestCase+MemoryLeakTrackingHelper.swift */ = {isa = PBXFileReference; lastKnownFileType = sourcecode.swift; path = "XCTestCase+MemoryLeakTrackingHelper.swift"; sourceTree = "<group>"; };
		52FED1AC2AA11D9A0085101C /* URLSessionHTTPClient.swift */ = {isa = PBXFileReference; lastKnownFileType = sourcecode.swift; path = URLSessionHTTPClient.swift; sourceTree = "<group>"; };
/* End PBXFileReference section */

/* Begin PBXFrameworksBuildPhase section */
		52100AA72AB0FAD50001AE23 /* Frameworks */ = {
			isa = PBXFrameworksBuildPhase;
			buildActionMask = 2147483647;
			files = (
				52100AAE2AB0FAD50001AE23 /* EssentialFeed.framework in Frameworks */,
			);
			runOnlyForDeploymentPostprocessing = 0;
		};
		525F5EEA29881588007285E4 /* Frameworks */ = {
			isa = PBXFrameworksBuildPhase;
			buildActionMask = 2147483647;
			files = (
			);
			runOnlyForDeploymentPostprocessing = 0;
		};
		525F5EF429881589007285E4 /* Frameworks */ = {
			isa = PBXFrameworksBuildPhase;
			buildActionMask = 2147483647;
			files = (
				525F5EF829881589007285E4 /* EssentialFeed.framework in Frameworks */,
			);
			runOnlyForDeploymentPostprocessing = 0;
		};
		52724CBF2AA27285008C98A9 /* Frameworks */ = {
			isa = PBXFrameworksBuildPhase;
			buildActionMask = 2147483647;
			files = (
				52724CC62AA27285008C98A9 /* EssentialFeed.framework in Frameworks */,
			);
			runOnlyForDeploymentPostprocessing = 0;
		};
		52B9286C2AB24A9C0092FD80 /* Frameworks */ = {
			isa = PBXFrameworksBuildPhase;
			buildActionMask = 2147483647;
			files = (
				522477622AB35B3E003691DB /* EssentialFeed.framework in Frameworks */,
			);
			runOnlyForDeploymentPostprocessing = 0;
		};
		52B928752AB24A9C0092FD80 /* Frameworks */ = {
			isa = PBXFrameworksBuildPhase;
			buildActionMask = 2147483647;
			files = (
				52B928792AB24A9D0092FD80 /* EssentialFeediOS.framework in Frameworks */,
			);
			runOnlyForDeploymentPostprocessing = 0;
		};
/* End PBXFrameworksBuildPhase section */

/* Begin PBXGroup section */
		52100AAB2AB0FAD50001AE23 /* EssentialFeedCacheIntegrationTests */ = {
			isa = PBXGroup;
			children = (
				52100AAC2AB0FAD50001AE23 /* EssentialFeedCacheIntegrationTests.swift */,
			);
			path = EssentialFeedCacheIntegrationTests;
			sourceTree = "<group>";
		};
		522477612AB35B3E003691DB /* Frameworks */ = {
			isa = PBXGroup;
			children = (
			);
			name = Frameworks;
			sourceTree = "<group>";
		};
		5253E9FD2AA65A40000DFC39 /* Feed Cache */ = {
			isa = PBXGroup;
			children = (
				5262B7412AA7D5FE009BE896 /* Helpers */,
				5253E9FE2AA65A6B000DFC39 /* CacheFeedUseCase.swift */,
				5262B73F2AA7D4B8009BE896 /* LoadFeedFromCacheUseCaseTests.swift */,
				52A446EF2AA92E0000F8CE3A /* ValidateFeedCacheUseCaseTests.swift */,
				52C659182AAFC06F00FC7B1C /* FeedStoreSpecs.swift */,
				52C6591A2AAFC10800FC7B1C /* XCTestCase+FeedStoreSpecs.swift */,
				5277EF502AAFD33C00967B23 /* CoreDataFeedStoreTests.swift */,
				528BC8372ABEA11000CB8FDD /* LoadFeedImageDataFromCacheUseCaseTests.swift */,
				528BC83B2ABEAA0600CB8FDD /* CacheFeedImageDataUseCaseTests.swift */,
				528BC83D2ABEACFE00CB8FDD /* CoreDataFeedImageDataStoreTests.swift */,
			);
			path = "Feed Cache";
			sourceTree = "<group>";
		};
		525F5EE329881588007285E4 = {
			isa = PBXGroup;
			children = (
				52B928882AB297E70092FD80 /* CI_iOS.xctestplan */,
				52B928862AB24B310092FD80 /* EssentialFeediOS.xctestplan */,
				52B928692AB2308D0092FD80 /* EssentialFeedAPIEndToEndTests.xctestplan */,
				52100AB42AB0FB050001AE23 /* EssentialFeedCacheIntegrationTests.xctestplan */,
				52724CCD2AA27B18008C98A9 /* CI.xctestplan */,
				52724CBD2AA26F8F008C98A9 /* EssentialFeed.xctestplan */,
				525F5EEF29881588007285E4 /* EssentialFeed */,
				525F5EFB29881589007285E4 /* EssentialFeedTests */,
				52724CC32AA27285008C98A9 /* EssentialFeedAPIEndToEndTests */,
				52100AAB2AB0FAD50001AE23 /* EssentialFeedCacheIntegrationTests */,
				52B928702AB24A9C0092FD80 /* EssentialFeediOS */,
				52B9287C2AB24A9D0092FD80 /* EssentialFeediOSTests */,
				525F5EEE29881588007285E4 /* Products */,
				522477612AB35B3E003691DB /* Frameworks */,
			);
			sourceTree = "<group>";
		};
		525F5EEE29881588007285E4 /* Products */ = {
			isa = PBXGroup;
			children = (
				525F5EED29881588007285E4 /* EssentialFeed.framework */,
				525F5EF729881589007285E4 /* EssentialFeedTests.xctest */,
				52724CC22AA27285008C98A9 /* EssentialFeedAPIEndToEndTests.xctest */,
				52100AAA2AB0FAD50001AE23 /* EssentialFeedCacheIntegrationTests.xctest */,
				52B9286F2AB24A9C0092FD80 /* EssentialFeediOS.framework */,
				52B928782AB24A9C0092FD80 /* EssentialFeediOSTests.xctest */,
			);
			name = Products;
			sourceTree = "<group>";
		};
		525F5EEF29881588007285E4 /* EssentialFeed */ = {
			isa = PBXGroup;
			children = (
				52D97BF82ABDF6DD00A7011A /* Feed Presentation */,
				5262B7362AA7AA78009BE896 /* Feed Cache */,
				52FA5091298964F4007F8AB5 /* Feed API */,
				525F5F0B298818A4007285E4 /* Feed Feature */,
				525F5EF029881588007285E4 /* EssentialFeed.h */,
				525F5EF129881588007285E4 /* EssentialFeed.docc */,
			);
			path = EssentialFeed;
			sourceTree = "<group>";
		};
		525F5EFB29881589007285E4 /* EssentialFeedTests */ = {
			isa = PBXGroup;
			children = (
				52D97BEE2ABDE8BF00A7011A /* Feed Presentation */,
				52FED1A92AA0EF210085101C /* Helpers */,
				5253E9FD2AA65A40000DFC39 /* Feed Cache */,
				52B801C4298F3442001B5C28 /* Feed API */,
				525F5EFC29881589007285E4 /* EssentialFeedTests.swift */,
			);
			path = EssentialFeedTests;
			sourceTree = "<group>";
		};
		525F5F0B298818A4007285E4 /* Feed Feature */ = {
			isa = PBXGroup;
			children = (
				525F5F07298816AA007285E4 /* FeedItem.swift */,
				525F5F0929881753007285E4 /* FeedLoader.swift */,
				529A39E02AB9042200C6CB9D /* FeedImageDataLoader.swift */,
				5269EFC62AC24D1F006C1431 /* FeedCache.swift */,
				5269EFCA2AC250EC006C1431 /* FeedImageDataCache.swift */,
			);
			path = "Feed Feature";
			sourceTree = "<group>";
		};
		5262B7362AA7AA78009BE896 /* Feed Cache */ = {
			isa = PBXGroup;
			children = (
				5277EF4C2AAFCE9500967B23 /* infrastructure */,
				5262B7372AA7AA8C009BE896 /* LocalFeedLoader.swift */,
				5262B7392AA7AAFA009BE896 /* FeedStore.swift */,
				5262B73D2AA7CB0F009BE896 /* LocalFeedImage.swift */,
				5260D5722AA93F8500DD28AA /* FeedCachePolicy.swift */,
				528BC8332ABE9F3F00CB8FDD /* FeedImageDataStore.swift */,
				528BC8352ABEA01900CB8FDD /* LocalFeedImageDataLoader.swift */,
			);
			path = "Feed Cache";
			sourceTree = "<group>";
		};
		5262B7412AA7D5FE009BE896 /* Helpers */ = {
			isa = PBXGroup;
			children = (
				5262B7422AA7D612009BE896 /* FeedStoreSpy.swift */,
				528BC8392ABEA89800CB8FDD /* FeedImageDataStoreSpy.swift */,
			);
			path = Helpers;
			sourceTree = "<group>";
		};
		52724CC32AA27285008C98A9 /* EssentialFeedAPIEndToEndTests */ = {
			isa = PBXGroup;
			children = (
				52724CC42AA27285008C98A9 /* EssentialFeedAPIEndToEndTests.swift */,
			);
			path = EssentialFeedAPIEndToEndTests;
			sourceTree = "<group>";
		};
		5277486D2ABA5F7100EF50AD /* Models */ = {
			isa = PBXGroup;
			children = (
			);
			path = Models;
			sourceTree = "<group>";
		};
		5277EF4C2AAFCE9500967B23 /* infrastructure */ = {
			isa = PBXGroup;
			children = (
				5277EF4D2AAFCE9D00967B23 /* CoreData */,
			);
			path = infrastructure;
			sourceTree = "<group>";
		};
		5277EF4D2AAFCE9D00967B23 /* CoreData */ = {
			isa = PBXGroup;
			children = (
				5277EF4A2AAFCE7100967B23 /* ManagedCache.swift */,
				5277EF482AAFCC6100967B23 /* CoreDataFeedStore.swift */,
				5277EF4E2AAFCF5C00967B23 /* CoreDataHelpers.swift */,
				52100AA32AB0F5550001AE23 /* FeedStore.xcdatamodeld */,
				528BC83F2ABEB03F00CB8FDD /* FeedStore2.xcdatamodeld */,
				528BC8422ABEB46500CB8FDD /* CoreDataFeedStore+FeedImageDataLoader.swift */,
				528BC8442ABEBCAB00CB8FDD /* CoreDataFeedStore+FeedStore.swift */,
			);
			path = CoreData;
			sourceTree = "<group>";
		};
		528BC82C2ABE94E600CB8FDD /* Helpers */ = {
			isa = PBXGroup;
			children = (
				528BC82D2ABE94FE00CB8FDD /* HTTPClientSpy.swift */,
				528BC8312ABE9CEB00CB8FDD /* URLProtocolStub.swift */,
			);
			path = Helpers;
			sourceTree = "<group>";
		};
		529992DD2AC38714002D75E3 /* Helpers */ = {
			isa = PBXGroup;
			children = (
				529992DE2AC3873B002D75E3 /* UIImage+TestHelpers.swift */,
				529992E22AC39749002D75E3 /* UIViewController+Snapshot.swift */,
				529992E42AC397D3002D75E3 /* XCTestCase+Snapshot.swift */,
			);
			path = Helpers;
			sourceTree = "<group>";
		};
		529A39DC2AB903DC00C6CB9D /* Feed UI */ = {
			isa = PBXGroup;
			children = (
				5277486D2ABA5F7100EF50AD /* Models */,
				529A39DF2AB9040200C6CB9D /* Views */,
				529A39DE2AB903FD00C6CB9D /* Controllers */,
			);
			path = "Feed UI";
			sourceTree = "<group>";
		};
		529A39DD2AB903EC00C6CB9D /* Feed Image Loader */ = {
			isa = PBXGroup;
			children = (
			);
			path = "Feed Image Loader";
			sourceTree = "<group>";
		};
		529A39DE2AB903FD00C6CB9D /* Controllers */ = {
			isa = PBXGroup;
			children = (
				529685892AB36A5C009C1F77 /* FeedViewController.swift */,
				529A39E42AB90E2900C6CB9D /* FeedImageCellController.swift */,
			);
			path = Controllers;
			sourceTree = "<group>";
		};
		529A39DF2AB9040200C6CB9D /* Views */ = {
			isa = PBXGroup;
			children = (
				52D97BE92ABDE47700A7011A /* Helpers */,
				5296858B2AB37F14009C1F77 /* FeedImageCell.swift */,
				528DEB692ABB89A9008F0AEE /* Feed.storyboard */,
				528DEB6B2ABB8A48008F0AEE /* Feed.xcassets */,
				5268C4842ABCEB8400893EA0 /* ErrorView.swift */,
			);
			path = Views;
			sourceTree = "<group>";
		};
		52B801C4298F3442001B5C28 /* Feed API */ = {
			isa = PBXGroup;
			children = (
				528BC82C2ABE94E600CB8FDD /* Helpers */,
				52FA508F29895931007F8AB5 /* RemoteFeedLoaderTests.swift */,
				523568342990923F00FF0C78 /* URLSessionHTTPClientTests.swift */,
				52D97C0E2ABE283900A7011A /* LoadFeedImageDataFromRemoteUseCaseTests.swift */,
			);
			path = "Feed API";
			sourceTree = "<group>";
		};
		52B928702AB24A9C0092FD80 /* EssentialFeediOS */ = {
			isa = PBXGroup;
			children = (
				529A39DD2AB903EC00C6CB9D /* Feed Image Loader */,
				529A39DC2AB903DC00C6CB9D /* Feed UI */,
				52B928712AB24A9C0092FD80 /* EssentialFeediOS.h */,
				52B928722AB24A9C0092FD80 /* EssentialFeediOS.docc */,
			);
			path = EssentialFeediOS;
			sourceTree = "<group>";
		};
		52B9287C2AB24A9D0092FD80 /* EssentialFeediOSTests */ = {
			isa = PBXGroup;
			children = (
				529992DD2AC38714002D75E3 /* Helpers */,
				529992DB2AC381F2002D75E3 /* FeedSnapshotTests.swift */,
			);
			path = EssentialFeediOSTests;
			sourceTree = "<group>";
		};
		52D97BE92ABDE47700A7011A /* Helpers */ = {
			isa = PBXGroup;
			children = (
				528DEB6F2ABB9BBF008F0AEE /* UIImageView+Animation.swift */,
				528DEB6D2ABB98F3008F0AEE /* UITableView+Dequeueing.swift */,
				523E54862AB4F2F600348A87 /* UIView+Shimmering.swift */,
				52D97BEC2ABDE55A00A7011A /* UIRefreshControl+Helpers.swift */,
				529992E02AC388FD002D75E3 /* UITableView+HeaderSizing.swift */,
			);
			path = Helpers;
			sourceTree = "<group>";
		};
		52D97BEE2ABDE8BF00A7011A /* Feed Presentation */ = {
			isa = PBXGroup;
			children = (
				528DEB872ABBAF2F008F0AEE /* FeedLocalizationTests.swift */,
				52D97BEF2ABDE8D300A7011A /* FeedPresenterTests.swift */,
				52D97C032ABE01DB00A7011A /* FeedImagePresenterTests.swift */,
			);
			path = "Feed Presentation";
			sourceTree = "<group>";
		};
		52D97BF82ABDF6DD00A7011A /* Feed Presentation */ = {
			isa = PBXGroup;
			children = (
				52D97BF52ABDF5C500A7011A /* Feed.strings */,
				52D97BF92ABDF70300A7011A /* FeedPresenter.swift */,
				52D97BFC2ABDF7DF00A7011A /* FeedViewModel.swift */,
				52D97BFE2ABDF7FB00A7011A /* FeedLoadingViewModel.swift */,
				52D97C002ABDF80C00A7011A /* FeedErrorViewModel.swift */,
				52D97C052ABE029A00A7011A /* FeedImagePresenter.swift */,
				52D97C072ABE02AC00A7011A /* FeedImageViewModel.swift */,
			);
			path = "Feed Presentation";
			sourceTree = "<group>";
		};
		52FA5091298964F4007F8AB5 /* Feed API */ = {
			isa = PBXGroup;
			children = (
				52FA50922989650B007F8AB5 /* RemoteFeedLoader.swift */,
				52B801C0298F20BF001B5C28 /* HTTPClient.swift */,
				52B801C2298F2126001B5C28 /* FeedItemsMapper.swift */,
				52FED1AC2AA11D9A0085101C /* URLSessionHTTPClient.swift */,
				5262B73B2AA7CAB9009BE896 /* RemoteFeedItem.swift */,
				52D97C102ABE288000A7011A /* RemoteFeedImageDataLoader.swift */,
				528BC82F2ABE9C7C00CB8FDD /* HTTPURLResponse+StatusCode.swift */,
			);
			path = "Feed API";
			sourceTree = "<group>";
		};
		52FED1A92AA0EF210085101C /* Helpers */ = {
			isa = PBXGroup;
			children = (
				52FED1AA2AA0EF470085101C /* XCTestCase+MemoryLeakTrackingHelper.swift */,
				52A446F12AA9338B00F8CE3A /* FeedCacheTestHelpers.swift */,
				52A446F32AA9343C00F8CE3A /* SharedTestHelpers.swift */,
			);
			path = Helpers;
			sourceTree = "<group>";
		};
/* End PBXGroup section */

/* Begin PBXHeadersBuildPhase section */
		525F5EE829881588007285E4 /* Headers */ = {
			isa = PBXHeadersBuildPhase;
			buildActionMask = 2147483647;
			files = (
				525F5EFE29881589007285E4 /* EssentialFeed.h in Headers */,
			);
			runOnlyForDeploymentPostprocessing = 0;
		};
		52B9286A2AB24A9C0092FD80 /* Headers */ = {
			isa = PBXHeadersBuildPhase;
			buildActionMask = 2147483647;
			files = (
				52B9287F2AB24A9D0092FD80 /* EssentialFeediOS.h in Headers */,
			);
			runOnlyForDeploymentPostprocessing = 0;
		};
/* End PBXHeadersBuildPhase section */

/* Begin PBXNativeTarget section */
		52100AA92AB0FAD50001AE23 /* EssentialFeedCacheIntegrationTests */ = {
			isa = PBXNativeTarget;
			buildConfigurationList = 52100AB12AB0FAD50001AE23 /* Build configuration list for PBXNativeTarget "EssentialFeedCacheIntegrationTests" */;
			buildPhases = (
				52100AA62AB0FAD50001AE23 /* Sources */,
				52100AA72AB0FAD50001AE23 /* Frameworks */,
				52100AA82AB0FAD50001AE23 /* Resources */,
			);
			buildRules = (
			);
			dependencies = (
				52100AB02AB0FAD50001AE23 /* PBXTargetDependency */,
			);
			name = EssentialFeedCacheIntegrationTests;
			productName = EssentialFeedCacheIntegrationTests;
			productReference = 52100AAA2AB0FAD50001AE23 /* EssentialFeedCacheIntegrationTests.xctest */;
			productType = "com.apple.product-type.bundle.unit-test";
		};
		525F5EEC29881588007285E4 /* EssentialFeed */ = {
			isa = PBXNativeTarget;
			buildConfigurationList = 525F5F0129881589007285E4 /* Build configuration list for PBXNativeTarget "EssentialFeed" */;
			buildPhases = (
				525F5EE829881588007285E4 /* Headers */,
				525F5EE929881588007285E4 /* Sources */,
				525F5EEA29881588007285E4 /* Frameworks */,
				525F5EEB29881588007285E4 /* Resources */,
			);
			buildRules = (
			);
			dependencies = (
			);
			name = EssentialFeed;
			productName = EssentialFeed;
			productReference = 525F5EED29881588007285E4 /* EssentialFeed.framework */;
			productType = "com.apple.product-type.framework";
		};
		525F5EF629881589007285E4 /* EssentialFeedTests */ = {
			isa = PBXNativeTarget;
			buildConfigurationList = 525F5F0429881589007285E4 /* Build configuration list for PBXNativeTarget "EssentialFeedTests" */;
			buildPhases = (
				525F5EF329881589007285E4 /* Sources */,
				525F5EF429881589007285E4 /* Frameworks */,
				525F5EF529881589007285E4 /* Resources */,
			);
			buildRules = (
			);
			dependencies = (
				525F5EFA29881589007285E4 /* PBXTargetDependency */,
			);
			name = EssentialFeedTests;
			productName = EssentialFeedTests;
			productReference = 525F5EF729881589007285E4 /* EssentialFeedTests.xctest */;
			productType = "com.apple.product-type.bundle.unit-test";
		};
		52724CC12AA27285008C98A9 /* EssentialFeedAPIEndToEndTests */ = {
			isa = PBXNativeTarget;
			buildConfigurationList = 52724CC92AA27285008C98A9 /* Build configuration list for PBXNativeTarget "EssentialFeedAPIEndToEndTests" */;
			buildPhases = (
				52724CBE2AA27285008C98A9 /* Sources */,
				52724CBF2AA27285008C98A9 /* Frameworks */,
				52724CC02AA27285008C98A9 /* Resources */,
			);
			buildRules = (
			);
			dependencies = (
				52724CC82AA27285008C98A9 /* PBXTargetDependency */,
			);
			name = EssentialFeedAPIEndToEndTests;
			productName = EssentialFeedAPIEndToEndTests;
			productReference = 52724CC22AA27285008C98A9 /* EssentialFeedAPIEndToEndTests.xctest */;
			productType = "com.apple.product-type.bundle.unit-test";
		};
		52B9286E2AB24A9C0092FD80 /* EssentialFeediOS */ = {
			isa = PBXNativeTarget;
			buildConfigurationList = 52B928802AB24A9D0092FD80 /* Build configuration list for PBXNativeTarget "EssentialFeediOS" */;
			buildPhases = (
				52B9286A2AB24A9C0092FD80 /* Headers */,
				52B9286B2AB24A9C0092FD80 /* Sources */,
				52B9286C2AB24A9C0092FD80 /* Frameworks */,
				52B9286D2AB24A9C0092FD80 /* Resources */,
				522477662AB35B3E003691DB /* Embed Frameworks */,
			);
			buildRules = (
			);
			dependencies = (
				522477652AB35B3E003691DB /* PBXTargetDependency */,
			);
			name = EssentialFeediOS;
			productName = EssentialFeediOS;
			productReference = 52B9286F2AB24A9C0092FD80 /* EssentialFeediOS.framework */;
			productType = "com.apple.product-type.framework";
		};
		52B928772AB24A9C0092FD80 /* EssentialFeediOSTests */ = {
			isa = PBXNativeTarget;
			buildConfigurationList = 52B928832AB24A9D0092FD80 /* Build configuration list for PBXNativeTarget "EssentialFeediOSTests" */;
			buildPhases = (
				52B928742AB24A9C0092FD80 /* Sources */,
				52B928752AB24A9C0092FD80 /* Frameworks */,
				52B928762AB24A9C0092FD80 /* Resources */,
			);
			buildRules = (
			);
			dependencies = (
				52B9287B2AB24A9D0092FD80 /* PBXTargetDependency */,
			);
			name = EssentialFeediOSTests;
			productName = EssentialFeediOSTests;
			productReference = 52B928782AB24A9C0092FD80 /* EssentialFeediOSTests.xctest */;
			productType = "com.apple.product-type.bundle.unit-test";
		};
/* End PBXNativeTarget section */

/* Begin PBXProject section */
		525F5EE429881588007285E4 /* Project object */ = {
			isa = PBXProject;
			attributes = {
				BuildIndependentTargetsInParallel = 1;
				LastSwiftUpdateCheck = 1430;
				LastUpgradeCheck = 1410;
				TargetAttributes = {
					52100AA92AB0FAD50001AE23 = {
						CreatedOnToolsVersion = 14.3.1;
					};
					525F5EEC29881588007285E4 = {
						CreatedOnToolsVersion = 14.1;
					};
					525F5EF629881589007285E4 = {
						CreatedOnToolsVersion = 14.1;
					};
					52724CC12AA27285008C98A9 = {
						CreatedOnToolsVersion = 14.3.1;
					};
					52B9286E2AB24A9C0092FD80 = {
						CreatedOnToolsVersion = 14.3.1;
					};
					52B928772AB24A9C0092FD80 = {
						CreatedOnToolsVersion = 14.3.1;
						LastSwiftMigration = 1430;
					};
				};
			};
			buildConfigurationList = 525F5EE729881588007285E4 /* Build configuration list for PBXProject "EssentialFeed" */;
			compatibilityVersion = "Xcode 14.0";
			developmentRegion = en;
			hasScannedForEncodings = 0;
			knownRegions = (
				en,
				Base,
				"pt-BR",
				el,
			);
			mainGroup = 525F5EE329881588007285E4;
			productRefGroup = 525F5EEE29881588007285E4 /* Products */;
			projectDirPath = "";
			projectRoot = "";
			targets = (
				525F5EEC29881588007285E4 /* EssentialFeed */,
				525F5EF629881589007285E4 /* EssentialFeedTests */,
				52724CC12AA27285008C98A9 /* EssentialFeedAPIEndToEndTests */,
				52100AA92AB0FAD50001AE23 /* EssentialFeedCacheIntegrationTests */,
				52B9286E2AB24A9C0092FD80 /* EssentialFeediOS */,
				52B928772AB24A9C0092FD80 /* EssentialFeediOSTests */,
			);
		};
/* End PBXProject section */

/* Begin PBXResourcesBuildPhase section */
		52100AA82AB0FAD50001AE23 /* Resources */ = {
			isa = PBXResourcesBuildPhase;
			buildActionMask = 2147483647;
			files = (
			);
			runOnlyForDeploymentPostprocessing = 0;
		};
		525F5EEB29881588007285E4 /* Resources */ = {
			isa = PBXResourcesBuildPhase;
			buildActionMask = 2147483647;
			files = (
				52D97BFB2ABDF7AC00A7011A /* Feed.strings in Resources */,
			);
			runOnlyForDeploymentPostprocessing = 0;
		};
		525F5EF529881589007285E4 /* Resources */ = {
			isa = PBXResourcesBuildPhase;
			buildActionMask = 2147483647;
			files = (
			);
			runOnlyForDeploymentPostprocessing = 0;
		};
		52724CC02AA27285008C98A9 /* Resources */ = {
			isa = PBXResourcesBuildPhase;
			buildActionMask = 2147483647;
			files = (
			);
			runOnlyForDeploymentPostprocessing = 0;
		};
		52B9286D2AB24A9C0092FD80 /* Resources */ = {
			isa = PBXResourcesBuildPhase;
			buildActionMask = 2147483647;
			files = (
				528DEB6A2ABB89A9008F0AEE /* Feed.storyboard in Resources */,
				528DEB6C2ABB8A48008F0AEE /* Feed.xcassets in Resources */,
			);
			runOnlyForDeploymentPostprocessing = 0;
		};
		52B928762AB24A9C0092FD80 /* Resources */ = {
			isa = PBXResourcesBuildPhase;
			buildActionMask = 2147483647;
			files = (
			);
			runOnlyForDeploymentPostprocessing = 0;
		};
/* End PBXResourcesBuildPhase section */

/* Begin PBXSourcesBuildPhase section */
		52100AA62AB0FAD50001AE23 /* Sources */ = {
			isa = PBXSourcesBuildPhase;
			buildActionMask = 2147483647;
			files = (
				52100AB72AB100910001AE23 /* SharedTestHelpers.swift in Sources */,
				52100AAD2AB0FAD50001AE23 /* EssentialFeedCacheIntegrationTests.swift in Sources */,
				52100AB62AB100730001AE23 /* FeedCacheTestHelpers.swift in Sources */,
				52100AB52AB0FD3F0001AE23 /* XCTestCase+MemoryLeakTrackingHelper.swift in Sources */,
			);
			runOnlyForDeploymentPostprocessing = 0;
		};
		525F5EE929881588007285E4 /* Sources */ = {
			isa = PBXSourcesBuildPhase;
			buildActionMask = 2147483647;
			files = (
				5277EF4B2AAFCE7100967B23 /* ManagedCache.swift in Sources */,
				5262B73E2AA7CB0F009BE896 /* LocalFeedImage.swift in Sources */,
				5262B73A2AA7AAFA009BE896 /* FeedStore.swift in Sources */,
				52FED1AD2AA11D9A0085101C /* URLSessionHTTPClient.swift in Sources */,
				52D97C082ABE02AC00A7011A /* FeedImageViewModel.swift in Sources */,
				52FA50932989650B007F8AB5 /* RemoteFeedLoader.swift in Sources */,
				52D97C112ABE288000A7011A /* RemoteFeedImageDataLoader.swift in Sources */,
				52B801C1298F20BF001B5C28 /* HTTPClient.swift in Sources */,
				52100AA52AB0F5550001AE23 /* FeedStore.xcdatamodeld in Sources */,
				5277EF4F2AAFCF5C00967B23 /* CoreDataHelpers.swift in Sources */,
				52D97BFD2ABDF7DF00A7011A /* FeedViewModel.swift in Sources */,
				525F5F0A29881753007285E4 /* FeedLoader.swift in Sources */,
				5277EF492AAFCC6100967B23 /* CoreDataFeedStore.swift in Sources */,
				52B801C3298F2126001B5C28 /* FeedItemsMapper.swift in Sources */,
				528BC8452ABEBCAB00CB8FDD /* CoreDataFeedStore+FeedStore.swift in Sources */,
				528BC8412ABEB03F00CB8FDD /* FeedStore2.xcdatamodeld in Sources */,
				52D97BFA2ABDF70300A7011A /* FeedPresenter.swift in Sources */,
				528BC8342ABE9F3F00CB8FDD /* FeedImageDataStore.swift in Sources */,
				5262B73C2AA7CAB9009BE896 /* RemoteFeedItem.swift in Sources */,
				5269EFC72AC24D1F006C1431 /* FeedCache.swift in Sources */,
				528BC8432ABEB46500CB8FDD /* CoreDataFeedStore+FeedImageDataLoader.swift in Sources */,
				5260D5732AA93F8500DD28AA /* FeedCachePolicy.swift in Sources */,
				528BC8302ABE9C7C00CB8FDD /* HTTPURLResponse+StatusCode.swift in Sources */,
				525F5F08298816AA007285E4 /* FeedItem.swift in Sources */,
				5269EFCB2AC250EC006C1431 /* FeedImageDataCache.swift in Sources */,
				5262B7382AA7AA8C009BE896 /* LocalFeedLoader.swift in Sources */,
				52D97C012ABDF80C00A7011A /* FeedErrorViewModel.swift in Sources */,
				52D97C0D2ABE273700A7011A /* FeedImageDataLoader.swift in Sources */,
				52D97BFF2ABDF7FB00A7011A /* FeedLoadingViewModel.swift in Sources */,
				528BC8362ABEA01900CB8FDD /* LocalFeedImageDataLoader.swift in Sources */,
				52D97C062ABE029A00A7011A /* FeedImagePresenter.swift in Sources */,
				525F5EF229881588007285E4 /* EssentialFeed.docc in Sources */,
			);
			runOnlyForDeploymentPostprocessing = 0;
		};
		525F5EF329881589007285E4 /* Sources */ = {
			isa = PBXSourcesBuildPhase;
			buildActionMask = 2147483647;
			files = (
				52C6591B2AAFC10800FC7B1C /* XCTestCase+FeedStoreSpecs.swift in Sources */,
				52FA509029895931007F8AB5 /* RemoteFeedLoaderTests.swift in Sources */,
				523568352990923F00FF0C78 /* URLSessionHTTPClientTests.swift in Sources */,
				52A446F42AA9343C00F8CE3A /* SharedTestHelpers.swift in Sources */,
				52D97BF02ABDE8D300A7011A /* FeedPresenterTests.swift in Sources */,
				525F5EFD29881589007285E4 /* EssentialFeedTests.swift in Sources */,
				528BC83C2ABEAA0600CB8FDD /* CacheFeedImageDataUseCaseTests.swift in Sources */,
				5277EF512AAFD33C00967B23 /* CoreDataFeedStoreTests.swift in Sources */,
				528BC82E2ABE94FE00CB8FDD /* HTTPClientSpy.swift in Sources */,
				528BC8382ABEA11000CB8FDD /* LoadFeedImageDataFromCacheUseCaseTests.swift in Sources */,
				5253E9FF2AA65A6B000DFC39 /* CacheFeedUseCase.swift in Sources */,
				52D97C022ABDFE9000A7011A /* FeedLocalizationTests.swift in Sources */,
				52A446F22AA9338B00F8CE3A /* FeedCacheTestHelpers.swift in Sources */,
				52D97C042ABE01DB00A7011A /* FeedImagePresenterTests.swift in Sources */,
				52A446F02AA92E0000F8CE3A /* ValidateFeedCacheUseCaseTests.swift in Sources */,
				52D97C0F2ABE283900A7011A /* LoadFeedImageDataFromRemoteUseCaseTests.swift in Sources */,
				5262B7432AA7D612009BE896 /* FeedStoreSpy.swift in Sources */,
				528BC8322ABE9CEB00CB8FDD /* URLProtocolStub.swift in Sources */,
				5262B7402AA7D4B8009BE896 /* LoadFeedFromCacheUseCaseTests.swift in Sources */,
				52C659192AAFC06F00FC7B1C /* FeedStoreSpecs.swift in Sources */,
				528BC83A2ABEA89800CB8FDD /* FeedImageDataStoreSpy.swift in Sources */,
				528BC83E2ABEACFE00CB8FDD /* CoreDataFeedImageDataStoreTests.swift in Sources */,
				52FED1AB2AA0EF470085101C /* XCTestCase+MemoryLeakTrackingHelper.swift in Sources */,
			);
			runOnlyForDeploymentPostprocessing = 0;
		};
		52724CBE2AA27285008C98A9 /* Sources */ = {
			isa = PBXSourcesBuildPhase;
			buildActionMask = 2147483647;
			files = (
				52724CC52AA27285008C98A9 /* EssentialFeedAPIEndToEndTests.swift in Sources */,
				52724CCC2AA279DC008C98A9 /* XCTestCase+MemoryLeakTrackingHelper.swift in Sources */,
			);
			runOnlyForDeploymentPostprocessing = 0;
		};
		52B9286B2AB24A9C0092FD80 /* Sources */ = {
			isa = PBXSourcesBuildPhase;
			buildActionMask = 2147483647;
			files = (
				52D97BED2ABDE55A00A7011A /* UIRefreshControl+Helpers.swift in Sources */,
				528DEB702ABB9BBF008F0AEE /* UIImageView+Animation.swift in Sources */,
				5296858A2AB36A5C009C1F77 /* FeedViewController.swift in Sources */,
				5268C4852ABCEB8400893EA0 /* ErrorView.swift in Sources */,
				529992E12AC388FD002D75E3 /* UITableView+HeaderSizing.swift in Sources */,
				529A39E52AB90E2900C6CB9D /* FeedImageCellController.swift in Sources */,
				528DEB6E2ABB98F3008F0AEE /* UITableView+Dequeueing.swift in Sources */,
				523E54872AB4F2F600348A87 /* UIView+Shimmering.swift in Sources */,
				5296858C2AB37F14009C1F77 /* FeedImageCell.swift in Sources */,
				52B928732AB24A9C0092FD80 /* EssentialFeediOS.docc in Sources */,
			);
			runOnlyForDeploymentPostprocessing = 0;
		};
		52B928742AB24A9C0092FD80 /* Sources */ = {
			isa = PBXSourcesBuildPhase;
			buildActionMask = 2147483647;
			files = (
				522477672AB35C36003691DB /* XCTestCase+MemoryLeakTrackingHelper.swift in Sources */,
				529992DC2AC381F2002D75E3 /* FeedSnapshotTests.swift in Sources */,
				529992E52AC397D3002D75E3 /* XCTestCase+Snapshot.swift in Sources */,
				529992E32AC39749002D75E3 /* UIViewController+Snapshot.swift in Sources */,
				529992DF2AC3873B002D75E3 /* UIImage+TestHelpers.swift in Sources */,
			);
			runOnlyForDeploymentPostprocessing = 0;
		};
/* End PBXSourcesBuildPhase section */

/* Begin PBXTargetDependency section */
		52100AB02AB0FAD50001AE23 /* PBXTargetDependency */ = {
			isa = PBXTargetDependency;
			target = 525F5EEC29881588007285E4 /* EssentialFeed */;
			targetProxy = 52100AAF2AB0FAD50001AE23 /* PBXContainerItemProxy */;
		};
		522477652AB35B3E003691DB /* PBXTargetDependency */ = {
			isa = PBXTargetDependency;
			platformFilter = ios;
			target = 525F5EEC29881588007285E4 /* EssentialFeed */;
			targetProxy = 522477642AB35B3E003691DB /* PBXContainerItemProxy */;
		};
		525F5EFA29881589007285E4 /* PBXTargetDependency */ = {
			isa = PBXTargetDependency;
			target = 525F5EEC29881588007285E4 /* EssentialFeed */;
			targetProxy = 525F5EF929881589007285E4 /* PBXContainerItemProxy */;
		};
		52724CC82AA27285008C98A9 /* PBXTargetDependency */ = {
			isa = PBXTargetDependency;
			target = 525F5EEC29881588007285E4 /* EssentialFeed */;
			targetProxy = 52724CC72AA27285008C98A9 /* PBXContainerItemProxy */;
		};
		52B9287B2AB24A9D0092FD80 /* PBXTargetDependency */ = {
			isa = PBXTargetDependency;
			target = 52B9286E2AB24A9C0092FD80 /* EssentialFeediOS */;
			targetProxy = 52B9287A2AB24A9D0092FD80 /* PBXContainerItemProxy */;
		};
/* End PBXTargetDependency section */

/* Begin PBXVariantGroup section */
		52D97BF52ABDF5C500A7011A /* Feed.strings */ = {
			isa = PBXVariantGroup;
			children = (
				52D97BF42ABDF5C500A7011A /* en */,
				52D97BF62ABDF5C900A7011A /* el */,
				52D97BF72ABDF5CA00A7011A /* pt-BR */,
			);
			name = Feed.strings;
			sourceTree = "<group>";
		};
/* End PBXVariantGroup section */

/* Begin XCBuildConfiguration section */
		52100AB22AB0FAD50001AE23 /* Debug */ = {
			isa = XCBuildConfiguration;
			buildSettings = {
				CODE_SIGN_STYLE = Automatic;
				CURRENT_PROJECT_VERSION = 1;
				DEVELOPMENT_TEAM = SZMX86729P;
				GENERATE_INFOPLIST_FILE = YES;
				MACOSX_DEPLOYMENT_TARGET = 13.3;
				MARKETING_VERSION = 1.0;
				PRODUCT_BUNDLE_IDENTIFIER = com.crow.EssentialFeedCacheIntegrationTests;
				PRODUCT_NAME = "$(TARGET_NAME)";
				SDKROOT = macosx;
				SUPPORTED_PLATFORMS = "iphonesimulator iphoneos macosx";
				SWIFT_EMIT_LOC_STRINGS = NO;
				SWIFT_VERSION = 5.0;
			};
			name = Debug;
		};
		52100AB32AB0FAD50001AE23 /* Release */ = {
			isa = XCBuildConfiguration;
			buildSettings = {
				CODE_SIGN_STYLE = Automatic;
				CURRENT_PROJECT_VERSION = 1;
				DEVELOPMENT_TEAM = SZMX86729P;
				GENERATE_INFOPLIST_FILE = YES;
				MACOSX_DEPLOYMENT_TARGET = 13.3;
				MARKETING_VERSION = 1.0;
				PRODUCT_BUNDLE_IDENTIFIER = com.crow.EssentialFeedCacheIntegrationTests;
				PRODUCT_NAME = "$(TARGET_NAME)";
				SDKROOT = macosx;
				SUPPORTED_PLATFORMS = "iphonesimulator iphoneos macosx";
				SWIFT_EMIT_LOC_STRINGS = NO;
				SWIFT_VERSION = 5.0;
			};
			name = Release;
		};
		525F5EFF29881589007285E4 /* Debug */ = {
			isa = XCBuildConfiguration;
			buildSettings = {
				ALWAYS_SEARCH_USER_PATHS = NO;
				CLANG_ANALYZER_LOCALIZABILITY_NONLOCALIZED = YES;
				CLANG_ANALYZER_NONNULL = YES;
				CLANG_ANALYZER_NUMBER_OBJECT_CONVERSION = YES_AGGRESSIVE;
				CLANG_CXX_LANGUAGE_STANDARD = "gnu++20";
				CLANG_ENABLE_MODULES = YES;
				CLANG_ENABLE_OBJC_ARC = YES;
				CLANG_ENABLE_OBJC_WEAK = YES;
				CLANG_WARN_BLOCK_CAPTURE_AUTORELEASING = YES;
				CLANG_WARN_BOOL_CONVERSION = YES;
				CLANG_WARN_COMMA = YES;
				CLANG_WARN_CONSTANT_CONVERSION = YES;
				CLANG_WARN_DEPRECATED_OBJC_IMPLEMENTATIONS = YES;
				CLANG_WARN_DIRECT_OBJC_ISA_USAGE = YES_ERROR;
				CLANG_WARN_DOCUMENTATION_COMMENTS = YES;
				CLANG_WARN_EMPTY_BODY = YES;
				CLANG_WARN_ENUM_CONVERSION = YES;
				CLANG_WARN_INFINITE_RECURSION = YES;
				CLANG_WARN_INT_CONVERSION = YES;
				CLANG_WARN_NON_LITERAL_NULL_CONVERSION = YES;
				CLANG_WARN_OBJC_IMPLICIT_RETAIN_SELF = YES;
				CLANG_WARN_OBJC_LITERAL_CONVERSION = YES;
				CLANG_WARN_OBJC_ROOT_CLASS = YES_ERROR;
				CLANG_WARN_QUOTED_INCLUDE_IN_FRAMEWORK_HEADER = YES;
				CLANG_WARN_RANGE_LOOP_ANALYSIS = YES;
				CLANG_WARN_STRICT_PROTOTYPES = YES;
				CLANG_WARN_SUSPICIOUS_MOVE = YES;
				CLANG_WARN_UNGUARDED_AVAILABILITY = YES_AGGRESSIVE;
				CLANG_WARN_UNREACHABLE_CODE = YES;
				CLANG_WARN__DUPLICATE_METHOD_MATCH = YES;
				COPY_PHASE_STRIP = NO;
				CURRENT_PROJECT_VERSION = 1;
				DEBUG_INFORMATION_FORMAT = dwarf;
				ENABLE_STRICT_OBJC_MSGSEND = YES;
				ENABLE_TESTABILITY = YES;
				GCC_C_LANGUAGE_STANDARD = gnu11;
				GCC_DYNAMIC_NO_PIC = NO;
				GCC_NO_COMMON_BLOCKS = YES;
				GCC_OPTIMIZATION_LEVEL = 0;
				GCC_PREPROCESSOR_DEFINITIONS = (
					"DEBUG=1",
					"$(inherited)",
				);
				GCC_WARN_64_TO_32_BIT_CONVERSION = YES;
				GCC_WARN_ABOUT_RETURN_TYPE = YES_ERROR;
				GCC_WARN_UNDECLARED_SELECTOR = YES;
				GCC_WARN_UNINITIALIZED_AUTOS = YES_AGGRESSIVE;
				GCC_WARN_UNUSED_FUNCTION = YES;
				GCC_WARN_UNUSED_VARIABLE = YES;
				MTL_ENABLE_DEBUG_INFO = INCLUDE_SOURCE;
				MTL_FAST_MATH = YES;
				ONLY_ACTIVE_ARCH = YES;
				SWIFT_ACTIVE_COMPILATION_CONDITIONS = DEBUG;
				SWIFT_OPTIMIZATION_LEVEL = "-Onone";
				VERSIONING_SYSTEM = "apple-generic";
				VERSION_INFO_PREFIX = "";
			};
			name = Debug;
		};
		525F5F0029881589007285E4 /* Release */ = {
			isa = XCBuildConfiguration;
			buildSettings = {
				ALWAYS_SEARCH_USER_PATHS = NO;
				CLANG_ANALYZER_LOCALIZABILITY_NONLOCALIZED = YES;
				CLANG_ANALYZER_NONNULL = YES;
				CLANG_ANALYZER_NUMBER_OBJECT_CONVERSION = YES_AGGRESSIVE;
				CLANG_CXX_LANGUAGE_STANDARD = "gnu++20";
				CLANG_ENABLE_MODULES = YES;
				CLANG_ENABLE_OBJC_ARC = YES;
				CLANG_ENABLE_OBJC_WEAK = YES;
				CLANG_WARN_BLOCK_CAPTURE_AUTORELEASING = YES;
				CLANG_WARN_BOOL_CONVERSION = YES;
				CLANG_WARN_COMMA = YES;
				CLANG_WARN_CONSTANT_CONVERSION = YES;
				CLANG_WARN_DEPRECATED_OBJC_IMPLEMENTATIONS = YES;
				CLANG_WARN_DIRECT_OBJC_ISA_USAGE = YES_ERROR;
				CLANG_WARN_DOCUMENTATION_COMMENTS = YES;
				CLANG_WARN_EMPTY_BODY = YES;
				CLANG_WARN_ENUM_CONVERSION = YES;
				CLANG_WARN_INFINITE_RECURSION = YES;
				CLANG_WARN_INT_CONVERSION = YES;
				CLANG_WARN_NON_LITERAL_NULL_CONVERSION = YES;
				CLANG_WARN_OBJC_IMPLICIT_RETAIN_SELF = YES;
				CLANG_WARN_OBJC_LITERAL_CONVERSION = YES;
				CLANG_WARN_OBJC_ROOT_CLASS = YES_ERROR;
				CLANG_WARN_QUOTED_INCLUDE_IN_FRAMEWORK_HEADER = YES;
				CLANG_WARN_RANGE_LOOP_ANALYSIS = YES;
				CLANG_WARN_STRICT_PROTOTYPES = YES;
				CLANG_WARN_SUSPICIOUS_MOVE = YES;
				CLANG_WARN_UNGUARDED_AVAILABILITY = YES_AGGRESSIVE;
				CLANG_WARN_UNREACHABLE_CODE = YES;
				CLANG_WARN__DUPLICATE_METHOD_MATCH = YES;
				COPY_PHASE_STRIP = NO;
				CURRENT_PROJECT_VERSION = 1;
				DEBUG_INFORMATION_FORMAT = "dwarf-with-dsym";
				ENABLE_NS_ASSERTIONS = NO;
				ENABLE_STRICT_OBJC_MSGSEND = YES;
				GCC_C_LANGUAGE_STANDARD = gnu11;
				GCC_NO_COMMON_BLOCKS = YES;
				GCC_WARN_64_TO_32_BIT_CONVERSION = YES;
				GCC_WARN_ABOUT_RETURN_TYPE = YES_ERROR;
				GCC_WARN_UNDECLARED_SELECTOR = YES;
				GCC_WARN_UNINITIALIZED_AUTOS = YES_AGGRESSIVE;
				GCC_WARN_UNUSED_FUNCTION = YES;
				GCC_WARN_UNUSED_VARIABLE = YES;
				MTL_ENABLE_DEBUG_INFO = NO;
				MTL_FAST_MATH = YES;
				SWIFT_COMPILATION_MODE = wholemodule;
				SWIFT_OPTIMIZATION_LEVEL = "-O";
				VERSIONING_SYSTEM = "apple-generic";
				VERSION_INFO_PREFIX = "";
			};
			name = Release;
		};
		525F5F0229881589007285E4 /* Debug */ = {
			isa = XCBuildConfiguration;
			buildSettings = {
				CODE_SIGN_STYLE = Automatic;
				CURRENT_PROJECT_VERSION = 1;
				DEFINES_MODULE = YES;
				DEVELOPMENT_TEAM = SZMX86729P;
				DYLIB_COMPATIBILITY_VERSION = 1;
				DYLIB_CURRENT_VERSION = 1;
				DYLIB_INSTALL_NAME_BASE = "@rpath";
				GENERATE_INFOPLIST_FILE = YES;
				INFOPLIST_KEY_NSHumanReadableCopyright = "";
				INSTALL_PATH = "$(LOCAL_LIBRARY_DIR)/Frameworks";
				IPHONEOS_DEPLOYMENT_TARGET = 14.0;
				LD_RUNPATH_SEARCH_PATHS = (
					"@executable_path/Frameworks",
					"@loader_path/Frameworks",
				);
				"LD_RUNPATH_SEARCH_PATHS[sdk=macosx*]" = (
					"@executable_path/../Frameworks",
					"@loader_path/Frameworks",
				);
				MACOSX_DEPLOYMENT_TARGET = 12.0;
				MARKETING_VERSION = 1.0;
				PRODUCT_BUNDLE_IDENTIFIER = com.crow.EssentialFeed;
				PRODUCT_NAME = "$(TARGET_NAME:c99extidentifier)";
				SDKROOT = auto;
				SKIP_INSTALL = YES;
				SUPPORTED_PLATFORMS = "iphoneos iphonesimulator macosx";
				SWIFT_EMIT_LOC_STRINGS = YES;
				SWIFT_VERSION = 5.0;
				TARGETED_DEVICE_FAMILY = "1,2";
			};
			name = Debug;
		};
		525F5F0329881589007285E4 /* Release */ = {
			isa = XCBuildConfiguration;
			buildSettings = {
				CODE_SIGN_STYLE = Automatic;
				CURRENT_PROJECT_VERSION = 1;
				DEFINES_MODULE = YES;
				DEVELOPMENT_TEAM = SZMX86729P;
				DYLIB_COMPATIBILITY_VERSION = 1;
				DYLIB_CURRENT_VERSION = 1;
				DYLIB_INSTALL_NAME_BASE = "@rpath";
				GENERATE_INFOPLIST_FILE = YES;
				INFOPLIST_KEY_NSHumanReadableCopyright = "";
				INSTALL_PATH = "$(LOCAL_LIBRARY_DIR)/Frameworks";
				IPHONEOS_DEPLOYMENT_TARGET = 14.0;
				LD_RUNPATH_SEARCH_PATHS = (
					"@executable_path/Frameworks",
					"@loader_path/Frameworks",
				);
				"LD_RUNPATH_SEARCH_PATHS[sdk=macosx*]" = (
					"@executable_path/../Frameworks",
					"@loader_path/Frameworks",
				);
				MACOSX_DEPLOYMENT_TARGET = 12.0;
				MARKETING_VERSION = 1.0;
				PRODUCT_BUNDLE_IDENTIFIER = com.crow.EssentialFeed;
				PRODUCT_NAME = "$(TARGET_NAME:c99extidentifier)";
				SDKROOT = auto;
				SKIP_INSTALL = YES;
				SUPPORTED_PLATFORMS = "iphoneos iphonesimulator macosx";
				SWIFT_EMIT_LOC_STRINGS = YES;
				SWIFT_VERSION = 5.0;
				TARGETED_DEVICE_FAMILY = "1,2";
			};
			name = Release;
		};
		525F5F0529881589007285E4 /* Debug */ = {
			isa = XCBuildConfiguration;
			buildSettings = {
				ALWAYS_EMBED_SWIFT_STANDARD_LIBRARIES = YES;
				CODE_SIGN_STYLE = Automatic;
				CURRENT_PROJECT_VERSION = 1;
				DEVELOPMENT_TEAM = SZMX86729P;
				GENERATE_INFOPLIST_FILE = YES;
				IPHONEOS_DEPLOYMENT_TARGET = 14.0;
				MACOSX_DEPLOYMENT_TARGET = 12.0;
				MARKETING_VERSION = 1.0;
				PRODUCT_BUNDLE_IDENTIFIER = com.crow.EssentialFeedTests;
				PRODUCT_NAME = "$(TARGET_NAME)";
				SDKROOT = auto;
				SUPPORTED_PLATFORMS = "iphoneos iphonesimulator macosx";
				SWIFT_EMIT_LOC_STRINGS = NO;
				SWIFT_VERSION = 5.0;
				TARGETED_DEVICE_FAMILY = "1,2";
			};
			name = Debug;
		};
		525F5F0629881589007285E4 /* Release */ = {
			isa = XCBuildConfiguration;
			buildSettings = {
				ALWAYS_EMBED_SWIFT_STANDARD_LIBRARIES = YES;
				CODE_SIGN_STYLE = Automatic;
				CURRENT_PROJECT_VERSION = 1;
				DEVELOPMENT_TEAM = SZMX86729P;
				GENERATE_INFOPLIST_FILE = YES;
				IPHONEOS_DEPLOYMENT_TARGET = 14.0;
				MACOSX_DEPLOYMENT_TARGET = 12.0;
				MARKETING_VERSION = 1.0;
				PRODUCT_BUNDLE_IDENTIFIER = com.crow.EssentialFeedTests;
				PRODUCT_NAME = "$(TARGET_NAME)";
				SDKROOT = auto;
				SUPPORTED_PLATFORMS = "iphoneos iphonesimulator macosx";
				SWIFT_EMIT_LOC_STRINGS = NO;
				SWIFT_VERSION = 5.0;
				TARGETED_DEVICE_FAMILY = "1,2";
			};
			name = Release;
		};
		52724CCA2AA27285008C98A9 /* Debug */ = {
			isa = XCBuildConfiguration;
			buildSettings = {
				ALLOW_TARGET_PLATFORM_SPECIALIZATION = YES;
				CODE_SIGN_STYLE = Automatic;
				CURRENT_PROJECT_VERSION = 1;
				DEVELOPMENT_TEAM = SZMX86729P;
				GENERATE_INFOPLIST_FILE = YES;
				MACOSX_DEPLOYMENT_TARGET = 13.3;
				MARKETING_VERSION = 1.0;
				PRODUCT_BUNDLE_IDENTIFIER = com.crow.EssentialFeedAPIEndToEndTests;
				PRODUCT_NAME = "$(TARGET_NAME)";
				SDKROOT = macosx;
				SUPPORTED_PLATFORMS = "iphonesimulator iphoneos macosx";
				SUPPORTS_MACCATALYST = YES;
				SWIFT_EMIT_LOC_STRINGS = NO;
				SWIFT_VERSION = 5.0;
			};
			name = Debug;
		};
		52724CCB2AA27285008C98A9 /* Release */ = {
			isa = XCBuildConfiguration;
			buildSettings = {
				ALLOW_TARGET_PLATFORM_SPECIALIZATION = YES;
				CODE_SIGN_STYLE = Automatic;
				CURRENT_PROJECT_VERSION = 1;
				DEVELOPMENT_TEAM = SZMX86729P;
				GENERATE_INFOPLIST_FILE = YES;
				MACOSX_DEPLOYMENT_TARGET = 13.3;
				MARKETING_VERSION = 1.0;
				PRODUCT_BUNDLE_IDENTIFIER = com.crow.EssentialFeedAPIEndToEndTests;
				PRODUCT_NAME = "$(TARGET_NAME)";
				SDKROOT = macosx;
				SUPPORTED_PLATFORMS = "iphonesimulator iphoneos macosx";
				SUPPORTS_MACCATALYST = YES;
				SWIFT_EMIT_LOC_STRINGS = NO;
				SWIFT_VERSION = 5.0;
			};
			name = Release;
		};
		52B928812AB24A9D0092FD80 /* Debug */ = {
			isa = XCBuildConfiguration;
			buildSettings = {
				CODE_SIGN_STYLE = Automatic;
				CURRENT_PROJECT_VERSION = 1;
				DEFINES_MODULE = YES;
				DEVELOPMENT_TEAM = SZMX86729P;
				DYLIB_COMPATIBILITY_VERSION = 1;
				DYLIB_CURRENT_VERSION = 1;
				DYLIB_INSTALL_NAME_BASE = "@rpath";
				ENABLE_MODULE_VERIFIER = YES;
				GENERATE_INFOPLIST_FILE = YES;
				INFOPLIST_KEY_NSHumanReadableCopyright = "";
				INSTALL_PATH = "$(LOCAL_LIBRARY_DIR)/Frameworks";
				IPHONEOS_DEPLOYMENT_TARGET = 14.0;
				LD_RUNPATH_SEARCH_PATHS = (
					"$(inherited)",
					"@executable_path/Frameworks",
					"@loader_path/Frameworks",
				);
				MARKETING_VERSION = 1.0;
				MODULE_VERIFIER_SUPPORTED_LANGUAGES = "objective-c objective-c++";
				MODULE_VERIFIER_SUPPORTED_LANGUAGE_STANDARDS = "gnu11 gnu++20";
				PRODUCT_BUNDLE_IDENTIFIER = com.crow.EssentialFeediOS;
				PRODUCT_NAME = "$(TARGET_NAME:c99extidentifier)";
				SDKROOT = iphoneos;
				SKIP_INSTALL = YES;
				SWIFT_EMIT_LOC_STRINGS = YES;
				SWIFT_VERSION = 5.0;
				TARGETED_DEVICE_FAMILY = "1,2";
			};
			name = Debug;
		};
		52B928822AB24A9D0092FD80 /* Release */ = {
			isa = XCBuildConfiguration;
			buildSettings = {
				CODE_SIGN_STYLE = Automatic;
				CURRENT_PROJECT_VERSION = 1;
				DEFINES_MODULE = YES;
				DEVELOPMENT_TEAM = SZMX86729P;
				DYLIB_COMPATIBILITY_VERSION = 1;
				DYLIB_CURRENT_VERSION = 1;
				DYLIB_INSTALL_NAME_BASE = "@rpath";
				ENABLE_MODULE_VERIFIER = YES;
				GENERATE_INFOPLIST_FILE = YES;
				INFOPLIST_KEY_NSHumanReadableCopyright = "";
				INSTALL_PATH = "$(LOCAL_LIBRARY_DIR)/Frameworks";
				IPHONEOS_DEPLOYMENT_TARGET = 14.0;
				LD_RUNPATH_SEARCH_PATHS = (
					"$(inherited)",
					"@executable_path/Frameworks",
					"@loader_path/Frameworks",
				);
				MARKETING_VERSION = 1.0;
				MODULE_VERIFIER_SUPPORTED_LANGUAGES = "objective-c objective-c++";
				MODULE_VERIFIER_SUPPORTED_LANGUAGE_STANDARDS = "gnu11 gnu++20";
				PRODUCT_BUNDLE_IDENTIFIER = com.crow.EssentialFeediOS;
				PRODUCT_NAME = "$(TARGET_NAME:c99extidentifier)";
				SDKROOT = iphoneos;
				SKIP_INSTALL = YES;
				SWIFT_EMIT_LOC_STRINGS = YES;
				SWIFT_VERSION = 5.0;
				TARGETED_DEVICE_FAMILY = "1,2";
				VALIDATE_PRODUCT = YES;
			};
			name = Release;
		};
		52B928842AB24A9D0092FD80 /* Debug */ = {
			isa = XCBuildConfiguration;
			buildSettings = {
				ALWAYS_EMBED_SWIFT_STANDARD_LIBRARIES = YES;
				CLANG_ENABLE_MODULES = YES;
				CODE_SIGN_STYLE = Automatic;
				CURRENT_PROJECT_VERSION = 1;
				DEVELOPMENT_TEAM = SZMX86729P;
				GENERATE_INFOPLIST_FILE = YES;
				IPHONEOS_DEPLOYMENT_TARGET = 14.0;
				MARKETING_VERSION = 1.0;
				PRODUCT_BUNDLE_IDENTIFIER = com.crow.EssentialFeediOSTests;
				PRODUCT_NAME = "$(TARGET_NAME)";
				SDKROOT = iphoneos;
				SWIFT_EMIT_LOC_STRINGS = NO;
				SWIFT_OPTIMIZATION_LEVEL = "-Onone";
				SWIFT_VERSION = 5.0;
				TARGETED_DEVICE_FAMILY = "1,2";
			};
			name = Debug;
		};
		52B928852AB24A9D0092FD80 /* Release */ = {
			isa = XCBuildConfiguration;
			buildSettings = {
				ALWAYS_EMBED_SWIFT_STANDARD_LIBRARIES = YES;
				CLANG_ENABLE_MODULES = YES;
				CODE_SIGN_STYLE = Automatic;
				CURRENT_PROJECT_VERSION = 1;
				DEVELOPMENT_TEAM = SZMX86729P;
				GENERATE_INFOPLIST_FILE = YES;
				IPHONEOS_DEPLOYMENT_TARGET = 14.0;
				MARKETING_VERSION = 1.0;
				PRODUCT_BUNDLE_IDENTIFIER = com.crow.EssentialFeediOSTests;
				PRODUCT_NAME = "$(TARGET_NAME)";
				SDKROOT = iphoneos;
				SWIFT_EMIT_LOC_STRINGS = NO;
				SWIFT_VERSION = 5.0;
				TARGETED_DEVICE_FAMILY = "1,2";
				VALIDATE_PRODUCT = YES;
			};
			name = Release;
		};
/* End XCBuildConfiguration section */

/* Begin XCConfigurationList section */
		52100AB12AB0FAD50001AE23 /* Build configuration list for PBXNativeTarget "EssentialFeedCacheIntegrationTests" */ = {
			isa = XCConfigurationList;
			buildConfigurations = (
				52100AB22AB0FAD50001AE23 /* Debug */,
				52100AB32AB0FAD50001AE23 /* Release */,
			);
			defaultConfigurationIsVisible = 0;
			defaultConfigurationName = Release;
		};
		525F5EE729881588007285E4 /* Build configuration list for PBXProject "EssentialFeed" */ = {
			isa = XCConfigurationList;
			buildConfigurations = (
				525F5EFF29881589007285E4 /* Debug */,
				525F5F0029881589007285E4 /* Release */,
			);
			defaultConfigurationIsVisible = 0;
			defaultConfigurationName = Release;
		};
		525F5F0129881589007285E4 /* Build configuration list for PBXNativeTarget "EssentialFeed" */ = {
			isa = XCConfigurationList;
			buildConfigurations = (
				525F5F0229881589007285E4 /* Debug */,
				525F5F0329881589007285E4 /* Release */,
			);
			defaultConfigurationIsVisible = 0;
			defaultConfigurationName = Release;
		};
		525F5F0429881589007285E4 /* Build configuration list for PBXNativeTarget "EssentialFeedTests" */ = {
			isa = XCConfigurationList;
			buildConfigurations = (
				525F5F0529881589007285E4 /* Debug */,
				525F5F0629881589007285E4 /* Release */,
			);
			defaultConfigurationIsVisible = 0;
			defaultConfigurationName = Release;
		};
		52724CC92AA27285008C98A9 /* Build configuration list for PBXNativeTarget "EssentialFeedAPIEndToEndTests" */ = {
			isa = XCConfigurationList;
			buildConfigurations = (
				52724CCA2AA27285008C98A9 /* Debug */,
				52724CCB2AA27285008C98A9 /* Release */,
			);
			defaultConfigurationIsVisible = 0;
			defaultConfigurationName = Release;
		};
		52B928802AB24A9D0092FD80 /* Build configuration list for PBXNativeTarget "EssentialFeediOS" */ = {
			isa = XCConfigurationList;
			buildConfigurations = (
				52B928812AB24A9D0092FD80 /* Debug */,
				52B928822AB24A9D0092FD80 /* Release */,
			);
			defaultConfigurationIsVisible = 0;
			defaultConfigurationName = Release;
		};
		52B928832AB24A9D0092FD80 /* Build configuration list for PBXNativeTarget "EssentialFeediOSTests" */ = {
			isa = XCConfigurationList;
			buildConfigurations = (
				52B928842AB24A9D0092FD80 /* Debug */,
				52B928852AB24A9D0092FD80 /* Release */,
			);
			defaultConfigurationIsVisible = 0;
			defaultConfigurationName = Release;
		};
/* End XCConfigurationList section */

/* Begin XCVersionGroup section */
		52100AA32AB0F5550001AE23 /* FeedStore.xcdatamodeld */ = {
			isa = XCVersionGroup;
			children = (
				52100AA42AB0F5550001AE23 /* FeedStore.xcdatamodel */,
			);
			currentVersion = 52100AA42AB0F5550001AE23 /* FeedStore.xcdatamodel */;
			path = FeedStore.xcdatamodeld;
			sourceTree = "<group>";
			versionGroupType = wrapper.xcdatamodel;
		};
		528BC83F2ABEB03F00CB8FDD /* FeedStore2.xcdatamodeld */ = {
			isa = XCVersionGroup;
			children = (
				528BC8402ABEB03F00CB8FDD /* FeedStore2.xcdatamodel */,
			);
			currentVersion = 528BC8402ABEB03F00CB8FDD /* FeedStore2.xcdatamodel */;
			path = FeedStore2.xcdatamodeld;
			sourceTree = "<group>";
			versionGroupType = wrapper.xcdatamodel;
		};
/* End XCVersionGroup section */
	};
	rootObject = 525F5EE429881588007285E4 /* Project object */;
}
